// !$*UTF8*$!
{
	archiveVersion = 1;
	classes = {
	};
	objectVersion = 50;
	objects = {

/* Begin PBXBuildFile section */
		3A940873255D9F390090DB55 /* MyEnglishDiaryApp.swift in Sources */ = {isa = PBXBuildFile; fileRef = 3A940872255D9F390090DB55 /* MyEnglishDiaryApp.swift */; };
		3A940875255D9F390090DB55 /* ContentView.swift in Sources */ = {isa = PBXBuildFile; fileRef = 3A940874255D9F390090DB55 /* ContentView.swift */; };
		3A940877255D9F390090DB55 /* Assets.xcassets in Resources */ = {isa = PBXBuildFile; fileRef = 3A940876255D9F390090DB55 /* Assets.xcassets */; };
		3A94087A255D9F390090DB55 /* Preview Assets.xcassets in Resources */ = {isa = PBXBuildFile; fileRef = 3A940879255D9F390090DB55 /* Preview Assets.xcassets */; };
		3A940885255D9F390090DB55 /* MyEnglishDiaryTests.swift in Sources */ = {isa = PBXBuildFile; fileRef = 3A940884255D9F390090DB55 /* MyEnglishDiaryTests.swift */; };
		3A940890255D9F3A0090DB55 /* MyEnglishDiaryUITests.swift in Sources */ = {isa = PBXBuildFile; fileRef = 3A94088F255D9F3A0090DB55 /* MyEnglishDiaryUITests.swift */; };
/* End PBXBuildFile section */

/* Begin PBXContainerItemProxy section */
		3A940881255D9F390090DB55 /* PBXContainerItemProxy */ = {
			isa = PBXContainerItemProxy;
			containerPortal = 3A940867255D9F390090DB55 /* Project object */;
			proxyType = 1;
			remoteGlobalIDString = 3A94086E255D9F390090DB55;
			remoteInfo = MyEnglishDiary;
		};
		3A94088C255D9F3A0090DB55 /* PBXContainerItemProxy */ = {
			isa = PBXContainerItemProxy;
			containerPortal = 3A940867255D9F390090DB55 /* Project object */;
			proxyType = 1;
			remoteGlobalIDString = 3A94086E255D9F390090DB55;
			remoteInfo = MyEnglishDiary;
		};
/* End PBXContainerItemProxy section */

/* Begin PBXFileReference section */
		3A94086F255D9F390090DB55 /* MyEnglishDiary.app */ = {isa = PBXFileReference; explicitFileType = wrapper.application; includeInIndex = 0; path = MyEnglishDiary.app; sourceTree = BUILT_PRODUCTS_DIR; };
		3A940872255D9F390090DB55 /* MyEnglishDiaryApp.swift */ = {isa = PBXFileReference; lastKnownFileType = sourcecode.swift; path = MyEnglishDiaryApp.swift; sourceTree = "<group>"; };
		3A940874255D9F390090DB55 /* ContentView.swift */ = {isa = PBXFileReference; lastKnownFileType = sourcecode.swift; path = ContentView.swift; sourceTree = "<group>"; };
		3A940876255D9F390090DB55 /* Assets.xcassets */ = {isa = PBXFileReference; lastKnownFileType = folder.assetcatalog; path = Assets.xcassets; sourceTree = "<group>"; };
		3A940879255D9F390090DB55 /* Preview Assets.xcassets */ = {isa = PBXFileReference; lastKnownFileType = folder.assetcatalog; path = "Preview Assets.xcassets"; sourceTree = "<group>"; };
		3A94087B255D9F390090DB55 /* Info.plist */ = {isa = PBXFileReference; lastKnownFileType = text.plist.xml; path = Info.plist; sourceTree = "<group>"; };
		3A940880255D9F390090DB55 /* MyEnglishDiaryTests.xctest */ = {isa = PBXFileReference; explicitFileType = wrapper.cfbundle; includeInIndex = 0; path = MyEnglishDiaryTests.xctest; sourceTree = BUILT_PRODUCTS_DIR; };
		3A940884255D9F390090DB55 /* MyEnglishDiaryTests.swift */ = {isa = PBXFileReference; lastKnownFileType = sourcecode.swift; path = MyEnglishDiaryTests.swift; sourceTree = "<group>"; };
		3A940886255D9F390090DB55 /* Info.plist */ = {isa = PBXFileReference; lastKnownFileType = text.plist.xml; path = Info.plist; sourceTree = "<group>"; };
		3A94088B255D9F3A0090DB55 /* MyEnglishDiaryUITests.xctest */ = {isa = PBXFileReference; explicitFileType = wrapper.cfbundle; includeInIndex = 0; path = MyEnglishDiaryUITests.xctest; sourceTree = BUILT_PRODUCTS_DIR; };
		3A94088F255D9F3A0090DB55 /* MyEnglishDiaryUITests.swift */ = {isa = PBXFileReference; lastKnownFileType = sourcecode.swift; path = MyEnglishDiaryUITests.swift; sourceTree = "<group>"; };
		3A940891255D9F3A0090DB55 /* Info.plist */ = {isa = PBXFileReference; lastKnownFileType = text.plist.xml; path = Info.plist; sourceTree = "<group>"; };
/* End PBXFileReference section */

/* Begin PBXFrameworksBuildPhase section */
		3A94086C255D9F390090DB55 /* Frameworks */ = {
			isa = PBXFrameworksBuildPhase;
			buildActionMask = 2147483647;
			files = (
			);
			runOnlyForDeploymentPostprocessing = 0;
		};
		3A94087D255D9F390090DB55 /* Frameworks */ = {
			isa = PBXFrameworksBuildPhase;
			buildActionMask = 2147483647;
			files = (
			);
			runOnlyForDeploymentPostprocessing = 0;
		};
		3A940888255D9F3A0090DB55 /* Frameworks */ = {
			isa = PBXFrameworksBuildPhase;
			buildActionMask = 2147483647;
			files = (
			);
			runOnlyForDeploymentPostprocessing = 0;
		};
/* End PBXFrameworksBuildPhase section */

/* Begin PBXGroup section */
		3A940866255D9F390090DB55 = {
			isa = PBXGroup;
			children = (
				3A940871255D9F390090DB55 /* MyEnglishDiary */,
				3A940883255D9F390090DB55 /* MyEnglishDiaryTests */,
				3A94088E255D9F3A0090DB55 /* MyEnglishDiaryUITests */,
				3A940870255D9F390090DB55 /* Products */,
			);
			sourceTree = "<group>";
		};
		3A940870255D9F390090DB55 /* Products */ = {
			isa = PBXGroup;
			children = (
				3A94086F255D9F390090DB55 /* MyEnglishDiary.app */,
				3A940880255D9F390090DB55 /* MyEnglishDiaryTests.xctest */,
				3A94088B255D9F3A0090DB55 /* MyEnglishDiaryUITests.xctest */,
			);
			name = Products;
			sourceTree = "<group>";
		};
		3A940871255D9F390090DB55 /* MyEnglishDiary */ = {
			isa = PBXGroup;
			children = (
				3A940872255D9F390090DB55 /* MyEnglishDiaryApp.swift */,
				3A940874255D9F390090DB55 /* ContentView.swift */,
				3A940876255D9F390090DB55 /* Assets.xcassets */,
				3A94087B255D9F390090DB55 /* Info.plist */,
				3A940878255D9F390090DB55 /* Preview Content */,
			);
			path = MyEnglishDiary;
			sourceTree = "<group>";
		};
		3A940878255D9F390090DB55 /* Preview Content */ = {
			isa = PBXGroup;
			children = (
				3A940879255D9F390090DB55 /* Preview Assets.xcassets */,
			);
			path = "Preview Content";
			sourceTree = "<group>";
		};
		3A940883255D9F390090DB55 /* MyEnglishDiaryTests */ = {
			isa = PBXGroup;
			children = (
				3A940884255D9F390090DB55 /* MyEnglishDiaryTests.swift */,
				3A940886255D9F390090DB55 /* Info.plist */,
			);
			path = MyEnglishDiaryTests;
			sourceTree = "<group>";
		};
		3A94088E255D9F3A0090DB55 /* MyEnglishDiaryUITests */ = {
			isa = PBXGroup;
			children = (
				3A94088F255D9F3A0090DB55 /* MyEnglishDiaryUITests.swift */,
				3A940891255D9F3A0090DB55 /* Info.plist */,
			);
			path = MyEnglishDiaryUITests;
			sourceTree = "<group>";
		};
/* End PBXGroup section */

/* Begin PBXNativeTarget section */
		3A94086E255D9F390090DB55 /* MyEnglishDiary */ = {
			isa = PBXNativeTarget;
			buildConfigurationList = 3A940894255D9F3A0090DB55 /* Build configuration list for PBXNativeTarget "MyEnglishDiary" */;
			buildPhases = (
				3A94086B255D9F390090DB55 /* Sources */,
				3A94086C255D9F390090DB55 /* Frameworks */,
				3A94086D255D9F390090DB55 /* Resources */,
			);
			buildRules = (
			);
			dependencies = (
			);
			name = MyEnglishDiary;
			productName = MyEnglishDiary;
			productReference = 3A94086F255D9F390090DB55 /* MyEnglishDiary.app */;
			productType = "com.apple.product-type.application";
		};
		3A94087F255D9F390090DB55 /* MyEnglishDiaryTests */ = {
			isa = PBXNativeTarget;
			buildConfigurationList = 3A940897255D9F3A0090DB55 /* Build configuration list for PBXNativeTarget "MyEnglishDiaryTests" */;
			buildPhases = (
				3A94087C255D9F390090DB55 /* Sources */,
				3A94087D255D9F390090DB55 /* Frameworks */,
				3A94087E255D9F390090DB55 /* Resources */,
			);
			buildRules = (
			);
			dependencies = (
				3A940882255D9F390090DB55 /* PBXTargetDependency */,
			);
			name = MyEnglishDiaryTests;
			productName = MyEnglishDiaryTests;
			productReference = 3A940880255D9F390090DB55 /* MyEnglishDiaryTests.xctest */;
			productType = "com.apple.product-type.bundle.unit-test";
		};
		3A94088A255D9F3A0090DB55 /* MyEnglishDiaryUITests */ = {
			isa = PBXNativeTarget;
			buildConfigurationList = 3A94089A255D9F3A0090DB55 /* Build configuration list for PBXNativeTarget "MyEnglishDiaryUITests" */;
			buildPhases = (
				3A940887255D9F3A0090DB55 /* Sources */,
				3A940888255D9F3A0090DB55 /* Frameworks */,
				3A940889255D9F3A0090DB55 /* Resources */,
			);
			buildRules = (
			);
			dependencies = (
				3A94088D255D9F3A0090DB55 /* PBXTargetDependency */,
			);
			name = MyEnglishDiaryUITests;
			productName = MyEnglishDiaryUITests;
			productReference = 3A94088B255D9F3A0090DB55 /* MyEnglishDiaryUITests.xctest */;
			productType = "com.apple.product-type.bundle.ui-testing";
		};
/* End PBXNativeTarget section */

/* Begin PBXProject section */
		3A940867255D9F390090DB55 /* Project object */ = {
			isa = PBXProject;
			attributes = {
				LastSwiftUpdateCheck = 1210;
				LastUpgradeCheck = 1210;
				TargetAttributes = {
					3A94086E255D9F390090DB55 = {
						CreatedOnToolsVersion = 12.1;
					};
					3A94087F255D9F390090DB55 = {
						CreatedOnToolsVersion = 12.1;
						TestTargetID = 3A94086E255D9F390090DB55;
					};
					3A94088A255D9F3A0090DB55 = {
						CreatedOnToolsVersion = 12.1;
						TestTargetID = 3A94086E255D9F390090DB55;
					};
				};
			};
			buildConfigurationList = 3A94086A255D9F390090DB55 /* Build configuration list for PBXProject "MyEnglishDiary" */;
			compatibilityVersion = "Xcode 9.3";
			developmentRegion = en;
			hasScannedForEncodings = 0;
			knownRegions = (
				en,
				Base,
			);
			mainGroup = 3A940866255D9F390090DB55;
			productRefGroup = 3A940870255D9F390090DB55 /* Products */;
			projectDirPath = "";
			projectRoot = "";
			targets = (
				3A94086E255D9F390090DB55 /* MyEnglishDiary */,
				3A94087F255D9F390090DB55 /* MyEnglishDiaryTests */,
				3A94088A255D9F3A0090DB55 /* MyEnglishDiaryUITests */,
			);
		};
/* End PBXProject section */

/* Begin PBXResourcesBuildPhase section */
		3A94086D255D9F390090DB55 /* Resources */ = {
			isa = PBXResourcesBuildPhase;
			buildActionMask = 2147483647;
			files = (
				3A94087A255D9F390090DB55 /* Preview Assets.xcassets in Resources */,
				3A940877255D9F390090DB55 /* Assets.xcassets in Resources */,
			);
			runOnlyForDeploymentPostprocessing = 0;
		};
		3A94087E255D9F390090DB55 /* Resources */ = {
			isa = PBXResourcesBuildPhase;
			buildActionMask = 2147483647;
			files = (
			);
			runOnlyForDeploymentPostprocessing = 0;
		};
		3A940889255D9F3A0090DB55 /* Resources */ = {
			isa = PBXResourcesBuildPhase;
			buildActionMask = 2147483647;
			files = (
			);
			runOnlyForDeploymentPostprocessing = 0;
		};
/* End PBXResourcesBuildPhase section */

/* Begin PBXSourcesBuildPhase section */
		3A94086B255D9F390090DB55 /* Sources */ = {
			isa = PBXSourcesBuildPhase;
			buildActionMask = 2147483647;
			files = (
				3A940875255D9F390090DB55 /* ContentView.swift in Sources */,
				3A940873255D9F390090DB55 /* MyEnglishDiaryApp.swift in Sources */,
			);
			runOnlyForDeploymentPostprocessing = 0;
		};
		3A94087C255D9F390090DB55 /* Sources */ = {
			isa = PBXSourcesBuildPhase;
			buildActionMask = 2147483647;
			files = (
				3A940885255D9F390090DB55 /* MyEnglishDiaryTests.swift in Sources */,
			);
			runOnlyForDeploymentPostprocessing = 0;
		};
		3A940887255D9F3A0090DB55 /* Sources */ = {
			isa = PBXSourcesBuildPhase;
			buildActionMask = 2147483647;
			files = (
				3A940890255D9F3A0090DB55 /* MyEnglishDiaryUITests.swift in Sources */,
			);
			runOnlyForDeploymentPostprocessing = 0;
		};
/* End PBXSourcesBuildPhase section */

/* Begin PBXTargetDependency section */
		3A940882255D9F390090DB55 /* PBXTargetDependency */ = {
			isa = PBXTargetDependency;
			target = 3A94086E255D9F390090DB55 /* MyEnglishDiary */;
			targetProxy = 3A940881255D9F390090DB55 /* PBXContainerItemProxy */;
		};
		3A94088D255D9F3A0090DB55 /* PBXTargetDependency */ = {
			isa = PBXTargetDependency;
			target = 3A94086E255D9F390090DB55 /* MyEnglishDiary */;
			targetProxy = 3A94088C255D9F3A0090DB55 /* PBXContainerItemProxy */;
		};
/* End PBXTargetDependency section */

/* Begin XCBuildConfiguration section */
		3A940892255D9F3A0090DB55 /* Debug */ = {
			isa = XCBuildConfiguration;
			buildSettings = {
				ALWAYS_SEARCH_USER_PATHS = NO;
				CLANG_ANALYZER_NONNULL = YES;
				CLANG_ANALYZER_NUMBER_OBJECT_CONVERSION = YES_AGGRESSIVE;
				CLANG_CXX_LANGUAGE_STANDARD = "gnu++14";
				CLANG_CXX_LIBRARY = "libc++";
				CLANG_ENABLE_MODULES = YES;
				CLANG_ENABLE_OBJC_ARC = YES;
				CLANG_ENABLE_OBJC_WEAK = YES;
				CLANG_WARN_BLOCK_CAPTURE_AUTORELEASING = YES;
				CLANG_WARN_BOOL_CONVERSION = YES;
				CLANG_WARN_COMMA = YES;
				CLANG_WARN_CONSTANT_CONVERSION = YES;
				CLANG_WARN_DEPRECATED_OBJC_IMPLEMENTATIONS = YES;
				CLANG_WARN_DIRECT_OBJC_ISA_USAGE = YES_ERROR;
				CLANG_WARN_DOCUMENTATION_COMMENTS = YES;
				CLANG_WARN_EMPTY_BODY = YES;
				CLANG_WARN_ENUM_CONVERSION = YES;
				CLANG_WARN_INFINITE_RECURSION = YES;
				CLANG_WARN_INT_CONVERSION = YES;
				CLANG_WARN_NON_LITERAL_NULL_CONVERSION = YES;
				CLANG_WARN_OBJC_IMPLICIT_RETAIN_SELF = YES;
				CLANG_WARN_OBJC_LITERAL_CONVERSION = YES;
				CLANG_WARN_OBJC_ROOT_CLASS = YES_ERROR;
				CLANG_WARN_QUOTED_INCLUDE_IN_FRAMEWORK_HEADER = YES;
				CLANG_WARN_RANGE_LOOP_ANALYSIS = YES;
				CLANG_WARN_STRICT_PROTOTYPES = YES;
				CLANG_WARN_SUSPICIOUS_MOVE = YES;
				CLANG_WARN_UNGUARDED_AVAILABILITY = YES_AGGRESSIVE;
				CLANG_WARN_UNREACHABLE_CODE = YES;
				CLANG_WARN__DUPLICATE_METHOD_MATCH = YES;
				COPY_PHASE_STRIP = NO;
				DEBUG_INFORMATION_FORMAT = dwarf;
				ENABLE_STRICT_OBJC_MSGSEND = YES;
				ENABLE_TESTABILITY = YES;
				GCC_C_LANGUAGE_STANDARD = gnu11;
				GCC_DYNAMIC_NO_PIC = NO;
				GCC_NO_COMMON_BLOCKS = YES;
				GCC_OPTIMIZATION_LEVEL = 0;
				GCC_PREPROCESSOR_DEFINITIONS = (
					"DEBUG=1",
					"$(inherited)",
				);
				GCC_WARN_64_TO_32_BIT_CONVERSION = YES;
				GCC_WARN_ABOUT_RETURN_TYPE = YES_ERROR;
				GCC_WARN_UNDECLARED_SELECTOR = YES;
				GCC_WARN_UNINITIALIZED_AUTOS = YES_AGGRESSIVE;
				GCC_WARN_UNUSED_FUNCTION = YES;
				GCC_WARN_UNUSED_VARIABLE = YES;
				IPHONEOS_DEPLOYMENT_TARGET = 14.1;
				MTL_ENABLE_DEBUG_INFO = INCLUDE_SOURCE;
				MTL_FAST_MATH = YES;
				ONLY_ACTIVE_ARCH = YES;
				SDKROOT = iphoneos;
				SWIFT_ACTIVE_COMPILATION_CONDITIONS = DEBUG;
				SWIFT_OPTIMIZATION_LEVEL = "-Onone";
			};
			name = Debug;
		};
		3A940893255D9F3A0090DB55 /* Release */ = {
			isa = XCBuildConfiguration;
			buildSettings = {
				ALWAYS_SEARCH_USER_PATHS = NO;
				CLANG_ANALYZER_NONNULL = YES;
				CLANG_ANALYZER_NUMBER_OBJECT_CONVERSION = YES_AGGRESSIVE;
				CLANG_CXX_LANGUAGE_STANDARD = "gnu++14";
				CLANG_CXX_LIBRARY = "libc++";
				CLANG_ENABLE_MODULES = YES;
				CLANG_ENABLE_OBJC_ARC = YES;
				CLANG_ENABLE_OBJC_WEAK = YES;
				CLANG_WARN_BLOCK_CAPTURE_AUTORELEASING = YES;
				CLANG_WARN_BOOL_CONVERSION = YES;
				CLANG_WARN_COMMA = YES;
				CLANG_WARN_CONSTANT_CONVERSION = YES;
				CLANG_WARN_DEPRECATED_OBJC_IMPLEMENTATIONS = YES;
				CLANG_WARN_DIRECT_OBJC_ISA_USAGE = YES_ERROR;
				CLANG_WARN_DOCUMENTATION_COMMENTS = YES;
				CLANG_WARN_EMPTY_BODY = YES;
				CLANG_WARN_ENUM_CONVERSION = YES;
				CLANG_WARN_INFINITE_RECURSION = YES;
				CLANG_WARN_INT_CONVERSION = YES;
				CLANG_WARN_NON_LITERAL_NULL_CONVERSION = YES;
				CLANG_WARN_OBJC_IMPLICIT_RETAIN_SELF = YES;
				CLANG_WARN_OBJC_LITERAL_CONVERSION = YES;
				CLANG_WARN_OBJC_ROOT_CLASS = YES_ERROR;
				CLANG_WARN_QUOTED_INCLUDE_IN_FRAMEWORK_HEADER = YES;
				CLANG_WARN_RANGE_LOOP_ANALYSIS = YES;
				CLANG_WARN_STRICT_PROTOTYPES = YES;
				CLANG_WARN_SUSPICIOUS_MOVE = YES;
				CLANG_WARN_UNGUARDED_AVAILABILITY = YES_AGGRESSIVE;
				CLANG_WARN_UNREACHABLE_CODE = YES;
				CLANG_WARN__DUPLICATE_METHOD_MATCH = YES;
				COPY_PHASE_STRIP = NO;
				DEBUG_INFORMATION_FORMAT = "dwarf-with-dsym";
				ENABLE_NS_ASSERTIONS = NO;
				ENABLE_STRICT_OBJC_MSGSEND = YES;
				GCC_C_LANGUAGE_STANDARD = gnu11;
				GCC_NO_COMMON_BLOCKS = YES;
				GCC_WARN_64_TO_32_BIT_CONVERSION = YES;
				GCC_WARN_ABOUT_RETURN_TYPE = YES_ERROR;
				GCC_WARN_UNDECLARED_SELECTOR = YES;
				GCC_WARN_UNINITIALIZED_AUTOS = YES_AGGRESSIVE;
				GCC_WARN_UNUSED_FUNCTION = YES;
				GCC_WARN_UNUSED_VARIABLE = YES;
				IPHONEOS_DEPLOYMENT_TARGET = 14.1;
				MTL_ENABLE_DEBUG_INFO = NO;
				MTL_FAST_MATH = YES;
				SDKROOT = iphoneos;
				SWIFT_COMPILATION_MODE = wholemodule;
				SWIFT_OPTIMIZATION_LEVEL = "-O";
				VALIDATE_PRODUCT = YES;
			};
			name = Release;
		};
		3A940895255D9F3A0090DB55 /* Debug */ = {
			isa = XCBuildConfiguration;
			buildSettings = {
				ASSETCATALOG_COMPILER_APPICON_NAME = AppIcon;
				ASSETCATALOG_COMPILER_GLOBAL_ACCENT_COLOR_NAME = AccentColor;
				CODE_SIGN_STYLE = Automatic;
				DEVELOPMENT_ASSET_PATHS = "\"MyEnglishDiary/Preview Content\"";
				DEVELOPMENT_TEAM = VK8DPF82BH;
				ENABLE_PREVIEWS = YES;
				INFOPLIST_FILE = MyEnglishDiary/Info.plist;
				IPHONEOS_DEPLOYMENT_TARGET = 14.0;
				LD_RUNPATH_SEARCH_PATHS = (
					"$(inherited)",
					"@executable_path/Frameworks",
				);
				PRODUCT_BUNDLE_IDENTIFIER = "com.antonio-potato.MyEnglishDiary";
				PRODUCT_NAME = "$(TARGET_NAME)";
				SWIFT_VERSION = 5.0;
				TARGETED_DEVICE_FAMILY = "1,2";
			};
			name = Debug;
		};
		3A940896255D9F3A0090DB55 /* Release */ = {
			isa = XCBuildConfiguration;
			buildSettings = {
				ASSETCATALOG_COMPILER_APPICON_NAME = AppIcon;
				ASSETCATALOG_COMPILER_GLOBAL_ACCENT_COLOR_NAME = AccentColor;
				CODE_SIGN_STYLE = Automatic;
				DEVELOPMENT_ASSET_PATHS = "\"MyEnglishDiary/Preview Content\"";
				DEVELOPMENT_TEAM = VK8DPF82BH;
				ENABLE_PREVIEWS = YES;
				INFOPLIST_FILE = MyEnglishDiary/Info.plist;
				IPHONEOS_DEPLOYMENT_TARGET = 14.0;
				LD_RUNPATH_SEARCH_PATHS = (
					"$(inherited)",
					"@executable_path/Frameworks",
				);
				PRODUCT_BUNDLE_IDENTIFIER = "com.antonio-potato.MyEnglishDiary";
				PRODUCT_NAME = "$(TARGET_NAME)";
				SWIFT_VERSION = 5.0;
				TARGETED_DEVICE_FAMILY = "1,2";
			};
			name = Release;
		};
		3A940898255D9F3A0090DB55 /* Debug */ = {
			isa = XCBuildConfiguration;
			buildSettings = {
				ALWAYS_EMBED_SWIFT_STANDARD_LIBRARIES = YES;
				BUNDLE_LOADER = "$(TEST_HOST)";
				CODE_SIGN_STYLE = Automatic;
				DEVELOPMENT_TEAM = VK8DPF82BH;
				INFOPLIST_FILE = MyEnglishDiaryTests/Info.plist;
				IPHONEOS_DEPLOYMENT_TARGET = 14.0;
				LD_RUNPATH_SEARCH_PATHS = (
					"$(inherited)",
					"@executable_path/Frameworks",
					"@loader_path/Frameworks",
				);
				PRODUCT_BUNDLE_IDENTIFIER = "com.antonio-potato.MyEnglishDiaryTests";
				PRODUCT_NAME = "$(TARGET_NAME)";
				SWIFT_VERSION = 5.0;
				TARGETED_DEVICE_FAMILY = "1,2";
				TEST_HOST = "$(BUILT_PRODUCTS_DIR)/MyEnglishDiary.app/MyEnglishDiary";
			};
			name = Debug;
		};
		3A940899255D9F3A0090DB55 /* Release */ = {
			isa = XCBuildConfiguration;
			buildSettings = {
				ALWAYS_EMBED_SWIFT_STANDARD_LIBRARIES = YES;
				BUNDLE_LOADER = "$(TEST_HOST)";
				CODE_SIGN_STYLE = Automatic;
				DEVELOPMENT_TEAM = VK8DPF82BH;
				INFOPLIST_FILE = MyEnglishDiaryTests/Info.plist;
				IPHONEOS_DEPLOYMENT_TARGET = 14.0;
				LD_RUNPATH_SEARCH_PATHS = (
					"$(inherited)",
					"@executable_path/Frameworks",
					"@loader_path/Frameworks",
				);
				PRODUCT_BUNDLE_IDENTIFIER = "com.antonio-potato.MyEnglishDiaryTests";
				PRODUCT_NAME = "$(TARGET_NAME)";
				SWIFT_VERSION = 5.0;
				TARGETED_DEVICE_FAMILY = "1,2";
				TEST_HOST = "$(BUILT_PRODUCTS_DIR)/MyEnglishDiary.app/MyEnglishDiary";
			};
			name = Release;
		};
		3A94089B255D9F3A0090DB55 /* Debug */ = {
			isa = XCBuildConfiguration;
			buildSettings = {
				ALWAYS_EMBED_SWIFT_STANDARD_LIBRARIES = YES;
				CODE_SIGN_STYLE = Automatic;
				DEVELOPMENT_TEAM = VK8DPF82BH;
				INFOPLIST_FILE = MyEnglishDiaryUITests/Info.plist;
				LD_RUNPATH_SEARCH_PATHS = (
					"$(inherited)",
					"@executable_path/Frameworks",
					"@loader_path/Frameworks",
				);
				PRODUCT_BUNDLE_IDENTIFIER = "com.antonio-potato.MyEnglishDiaryUITests";
				PRODUCT_NAME = "$(TARGET_NAME)";
				SWIFT_VERSION = 5.0;
				TARGETED_DEVICE_FAMILY = "1,2";
				TEST_TARGET_NAME = MyEnglishDiary;
			};
			name = Debug;
		};
		3A94089C255D9F3A0090DB55 /* Release */ = {
			isa = XCBuildConfiguration;
			buildSettings = {
				ALWAYS_EMBED_SWIFT_STANDARD_LIBRARIES = YES;
				CODE_SIGN_STYLE = Automatic;
				DEVELOPMENT_TEAM = VK8DPF82BH;
				INFOPLIST_FILE = MyEnglishDiaryUITests/Info.plist;
				LD_RUNPATH_SEARCH_PATHS = (
					"$(inherited)",
					"@executable_path/Frameworks",
					"@loader_path/Frameworks",
				);
				PRODUCT_BUNDLE_IDENTIFIER = "com.antonio-potato.MyEnglishDiaryUITests";
				PRODUCT_NAME = "$(TARGET_NAME)";
				SWIFT_VERSION = 5.0;
				TARGETED_DEVICE_FAMILY = "1,2";
				TEST_TARGET_NAME = MyEnglishDiary;
			};
			name = Release;
		};
/* End XCBuildConfiguration section */

/* Begin XCConfigurationList section */
		3A94086A255D9F390090DB55 /* Build configuration list for PBXProject "MyEnglishDiary" */ = {
			isa = XCConfigurationList;
			buildConfigurations = (
				3A940892255D9F3A0090DB55 /* Debug */,
				3A940893255D9F3A0090DB55 /* Release */,
			);
			defaultConfigurationIsVisible = 0;
			defaultConfigurationName = Release;
		};
		3A940894255D9F3A0090DB55 /* Build configuration list for PBXNativeTarget "MyEnglishDiary" */ = {
			isa = XCConfigurationList;
			buildConfigurations = (
				3A940895255D9F3A0090DB55 /* Debug */,
				3A940896255D9F3A0090DB55 /* Release */,
			);
			defaultConfigurationIsVisible = 0;
			defaultConfigurationName = Release;
		};
		3A940897255D9F3A0090DB55 /* Build configuration list for PBXNativeTarget "MyEnglishDiaryTests" */ = {
			isa = XCConfigurationList;
			buildConfigurations = (
				3A940898255D9F3A0090DB55 /* Debug */,
				3A940899255D9F3A0090DB55 /* Release */,
			);
			defaultConfigurationIsVisible = 0;
			defaultConfigurationName = Release;
		};
		3A94089A255D9F3A0090DB55 /* Build configuration list for PBXNativeTarget "MyEnglishDiaryUITests" */ = {
			isa = XCConfigurationList;
			buildConfigurations = (
				3A94089B255D9F3A0090DB55 /* Debug */,
				3A94089C255D9F3A0090DB55 /* Release */,
			);
			defaultConfigurationIsVisible = 0;
			defaultConfigurationName = Release;
		};
/* End XCConfigurationList section */
	};
	rootObject = 3A940867255D9F390090DB55 /* Project object */;
}
