// !$*UTF8*$!
{
	archiveVersion = 1;
	classes = {
	};
	objectVersion = 52;
	objects = {

/* Begin PBXBuildFile section */
		3A2C599B25A6C9700068FC28 /* LexemeView.swift in Sources */ = {isa = PBXBuildFile; fileRef = 3A2C599A25A6C9700068FC28 /* LexemeView.swift */; };
		3A2C59A925A6D90E0068FC28 /* TitleLexemeView.swift in Sources */ = {isa = PBXBuildFile; fileRef = 3A2C59A825A6D90E0068FC28 /* TitleLexemeView.swift */; };
		3A2C59AE25A6DA400068FC28 /* MeaningsLexemeView.swift in Sources */ = {isa = PBXBuildFile; fileRef = 3A2C59AD25A6DA3F0068FC28 /* MeaningsLexemeView.swift */; };
		3A36775325B493F7005DDE09 /* Theming.swift in Sources */ = {isa = PBXBuildFile; fileRef = 3A36775225B493F7005DDE09 /* Theming.swift */; };
		3A39FE1A25C9890A00F7BAB9 /* StudyingView.swift in Sources */ = {isa = PBXBuildFile; fileRef = 3A39FE1925C9890A00F7BAB9 /* StudyingView.swift */; };
		3A3BDE0D25B841D00098A4FC /* DevelopmentDiaryDataProvider.swift in Sources */ = {isa = PBXBuildFile; fileRef = 3A3BDE0C25B841D00098A4FC /* DevelopmentDiaryDataProvider.swift */; };
		3A434EAC25C0264600438724 /* LexemeViewModel.swift in Sources */ = {isa = PBXBuildFile; fileRef = 3A434EAB25C0264600438724 /* LexemeViewModel.swift */; };
		3A44274C2758EDC3008F675D /* DiaryRecord+Extensions.swift in Sources */ = {isa = PBXBuildFile; fileRef = 3A44274B2758EDC3008F675D /* DiaryRecord+Extensions.swift */; };
		3A44274E2758EE8C008F675D /* DiaryRecordsGroup+Extensions.swift in Sources */ = {isa = PBXBuildFile; fileRef = 3A44274D2758EE8C008F675D /* DiaryRecordsGroup+Extensions.swift */; };
		3A4427502758EF6A008F675D /* ExerciseResult.swift in Sources */ = {isa = PBXBuildFile; fileRef = 3A44274F2758EF6A008F675D /* ExerciseResult.swift */; };
		3A4427522758EFD7008F675D /* Exercise+Extensions.swift in Sources */ = {isa = PBXBuildFile; fileRef = 3A4427512758EFD7008F675D /* Exercise+Extensions.swift */; };
		3A469CF2258F6D55003561AE /* FailableSearchUseCaseTest.swift in Sources */ = {isa = PBXBuildFile; fileRef = 3A469CF1258F6D55003561AE /* FailableSearchUseCaseTest.swift */; };
		3A469CFD258F6F15003561AE /* DiaryDataProviderMock.swift in Sources */ = {isa = PBXBuildFile; fileRef = 3A469CFC258F6F14003561AE /* DiaryDataProviderMock.swift */; };
		3A469D02258F7515003561AE /* FailableDiaryDataProviderMock.swift in Sources */ = {isa = PBXBuildFile; fileRef = 3A469D01258F7515003561AE /* FailableDiaryDataProviderMock.swift */; };
		3A469D07258F7889003561AE /* FailableMakeNoteUseCaseTest.swift in Sources */ = {isa = PBXBuildFile; fileRef = 3A469D06258F7889003561AE /* FailableMakeNoteUseCaseTest.swift */; };
		3A469D0F258F79C5003561AE /* MakeGroupUseCaseTest.swift in Sources */ = {isa = PBXBuildFile; fileRef = 3A469D0E258F79C5003561AE /* MakeGroupUseCaseTest.swift */; };
		3A469D14258F7A40003561AE /* FailableMakeGroupUseCaseTest.swift in Sources */ = {isa = PBXBuildFile; fileRef = 3A469D13258F7A40003561AE /* FailableMakeGroupUseCaseTest.swift */; };
		3A469D1C258F7AA7003561AE /* MarkNoteWithTagUseCaseTest.swift in Sources */ = {isa = PBXBuildFile; fileRef = 3A469D1B258F7AA7003561AE /* MarkNoteWithTagUseCaseTest.swift */; };
		3A4809122755130900522760 /* Lexeme+Extensions.swift in Sources */ = {isa = PBXBuildFile; fileRef = 3A4809112755130900522760 /* Lexeme+Extensions.swift */; };
		3A480914275513E100522760 /* LexemeTranslation+Extensions.swift in Sources */ = {isa = PBXBuildFile; fileRef = 3A480913275513E100522760 /* LexemeTranslation+Extensions.swift */; };
		3A4809162755145100522760 /* TranslationExample+Extensions.swift in Sources */ = {isa = PBXBuildFile; fileRef = 3A4809152755145100522760 /* TranslationExample+Extensions.swift */; };
		3A4809182755148B00522760 /* TranslationTag.swift in Sources */ = {isa = PBXBuildFile; fileRef = 3A4809172755148B00522760 /* TranslationTag.swift */; };
		3A48091A2755149900522760 /* TranslationTag+Extensions.swift in Sources */ = {isa = PBXBuildFile; fileRef = 3A4809192755149900522760 /* TranslationTag+Extensions.swift */; };
		3A4D83B925B451B40091FDDC /* Configuration.swift in Sources */ = {isa = PBXBuildFile; fileRef = 3A4D83B825B451B40091FDDC /* Configuration.swift */; };
		3A548691258BAC9E000EF8B0 /* UseCase.swift in Sources */ = {isa = PBXBuildFile; fileRef = 3A548690258BAC9E000EF8B0 /* UseCase.swift */; };
		3A5AE23625841C4B00C5DB17 /* DependencyContainer.swift in Sources */ = {isa = PBXBuildFile; fileRef = 3A5AE23525841C4B00C5DB17 /* DependencyContainer.swift */; };
		3A646808259642F500D83F03 /* SearchResultCard.swift in Sources */ = {isa = PBXBuildFile; fileRef = 3A646807259642F500D83F03 /* SearchResultCard.swift */; };
		3A940873255D9F390090DB55 /* MyEnglishDiaryApp.swift in Sources */ = {isa = PBXBuildFile; fileRef = 3A940872255D9F390090DB55 /* MyEnglishDiaryApp.swift */; };
		3A940875255D9F390090DB55 /* RootView.swift in Sources */ = {isa = PBXBuildFile; fileRef = 3A940874255D9F390090DB55 /* RootView.swift */; };
		3A940877255D9F390090DB55 /* Assets.xcassets in Resources */ = {isa = PBXBuildFile; fileRef = 3A940876255D9F390090DB55 /* Assets.xcassets */; };
		3A94087A255D9F390090DB55 /* Preview Assets.xcassets in Resources */ = {isa = PBXBuildFile; fileRef = 3A940879255D9F390090DB55 /* Preview Assets.xcassets */; };
		3A940890255D9F3A0090DB55 /* MyEnglishDiaryUITests.swift in Sources */ = {isa = PBXBuildFile; fileRef = 3A94088F255D9F3A0090DB55 /* MyEnglishDiaryUITests.swift */; };
		3ABE248C25C4123A0056E5AF /* Loadable.swift in Sources */ = {isa = PBXBuildFile; fileRef = 3ABE248B25C4123A0056E5AF /* Loadable.swift */; };
		3ABE249225C417160056E5AF /* ActivityIndicator.swift in Sources */ = {isa = PBXBuildFile; fileRef = 3ABE249125C417160056E5AF /* ActivityIndicator.swift */; };
		3AC0B31F25B84FD200523745 /* DiaryViewModel.swift in Sources */ = {isa = PBXBuildFile; fileRef = 3AC0B31E25B84FD200523745 /* DiaryViewModel.swift */; };
		3AC0B32425B8527E00523745 /* ReadDiaryRecordsUseCase.swift in Sources */ = {isa = PBXBuildFile; fileRef = 3AC0B32325B8527E00523745 /* ReadDiaryRecordsUseCase.swift */; };
		3AC0B32925B854C000523745 /* ReadRecordsGroupsUseCase.swift in Sources */ = {isa = PBXBuildFile; fileRef = 3AC0B32825B854C000523745 /* ReadRecordsGroupsUseCase.swift */; };
		3AC0B32E25B85EC500523745 /* NoteCard.swift in Sources */ = {isa = PBXBuildFile; fileRef = 3AC0B32D25B85EC500523745 /* NoteCard.swift */; };
		3AD88C9A258DED7B002D4B07 /* DictionaryDataProvider.swift in Sources */ = {isa = PBXBuildFile; fileRef = 3AD88C99258DED7B002D4B07 /* DictionaryDataProvider.swift */; };
		3AD88CB4258DF8A0002D4B07 /* SearchUseCaseTest.swift in Sources */ = {isa = PBXBuildFile; fileRef = 3AD88CB3258DF8A0002D4B07 /* SearchUseCaseTest.swift */; };
		3AD88CC9258E0058002D4B07 /* DictionaryDataProviderMock.swift in Sources */ = {isa = PBXBuildFile; fileRef = 3AD88C9F258DEE4C002D4B07 /* DictionaryDataProviderMock.swift */; };
		3AD88CD2258E00C7002D4B07 /* FailableDictionaryDataProviderMock.swift in Sources */ = {isa = PBXBuildFile; fileRef = 3AD88CD1258E00C7002D4B07 /* FailableDictionaryDataProviderMock.swift */; };
		3AD88D56258E024C002D4B07 /* DataProvider.swift in Sources */ = {isa = PBXBuildFile; fileRef = 3AD88D55258E024C002D4B07 /* DataProvider.swift */; };
		3AD88D66258E0C83002D4B07 /* DiaryDataProvider.swift in Sources */ = {isa = PBXBuildFile; fileRef = 3AD88D65258E0C83002D4B07 /* DiaryDataProvider.swift */; };
		3AD88D77258E1325002D4B07 /* Exercise.swift in Sources */ = {isa = PBXBuildFile; fileRef = 3AD88D76258E1325002D4B07 /* Exercise.swift */; };
		3AD88D82258E1671002D4B07 /* MarkNoteWithTagUseCase.swift in Sources */ = {isa = PBXBuildFile; fileRef = 3AD88D81258E1671002D4B07 /* MarkNoteWithTagUseCase.swift */; };
		3AD8C2D2276E02780076EEF9 /* Sentry in Frameworks */ = {isa = PBXBuildFile; productRef = 3AD8C2D1276E02780076EEF9 /* Sentry */; };
		3ADABD232594E380003DF039 /* SearchViewModel.swift in Sources */ = {isa = PBXBuildFile; fileRef = 3ADABD222594E380003DF039 /* SearchViewModel.swift */; };
		3ADABD2A2594E658003DF039 /* SearchInput.swift in Sources */ = {isa = PBXBuildFile; fileRef = 3ADABD292594E658003DF039 /* SearchInput.swift */; };
		3ADB17AA258F9353004B0A80 /* SearchView.swift in Sources */ = {isa = PBXBuildFile; fileRef = 3ADB17A9258F9353004B0A80 /* SearchView.swift */; };
		3ADB17AF258F9361004B0A80 /* DiaryView.swift in Sources */ = {isa = PBXBuildFile; fileRef = 3ADB17AE258F9361004B0A80 /* DiaryView.swift */; };
		3AE49E45256D745A00FBD65F /* DiaryRecord.swift in Sources */ = {isa = PBXBuildFile; fileRef = 3AE49E44256D745A00FBD65F /* DiaryRecord.swift */; };
		3AE49E4B256D747D00FBD65F /* DiaryRecordsGroup.swift in Sources */ = {isa = PBXBuildFile; fileRef = 3AE49E4A256D747D00FBD65F /* DiaryRecordsGroup.swift */; };
		3AE49E54256D759A00FBD65F /* DictionarySearchResult.swift in Sources */ = {isa = PBXBuildFile; fileRef = 3AE49E53256D759A00FBD65F /* DictionarySearchResult.swift */; };
		3AE49E61256D762400FBD65F /* SearchUseCase.swift in Sources */ = {isa = PBXBuildFile; fileRef = 3AE49E60256D762400FBD65F /* SearchUseCase.swift */; };
		3AE49E66256D765D00FBD65F /* MakeDiaryRecordUseCase.swift in Sources */ = {isa = PBXBuildFile; fileRef = 3AE49E65256D765D00FBD65F /* MakeDiaryRecordUseCase.swift */; };
		3AE49E6B256D76DC00FBD65F /* MakeRecordsGroupUseCase.swift in Sources */ = {isa = PBXBuildFile; fileRef = 3AE49E6A256D76DC00FBD65F /* MakeRecordsGroupUseCase.swift */; };
		3AE49E76256D777300FBD65F /* Studying.swift in Sources */ = {isa = PBXBuildFile; fileRef = 3AE49E75256D777300FBD65F /* Studying.swift */; };
		3AED4203258E72ED0068C294 /* MakeNoteUseCaseTest.swift in Sources */ = {isa = PBXBuildFile; fileRef = 3AED4202258E72ED0068C294 /* MakeNoteUseCaseTest.swift */; };
		3AED4209258E792C0068C294 /* DevelopmentDictionaryDataProvider.swift in Sources */ = {isa = PBXBuildFile; fileRef = 3AED4208258E792C0068C294 /* DevelopmentDictionaryDataProvider.swift */; };
		3AF05DB4258A4EF300E300C3 /* Lexeme.swift in Sources */ = {isa = PBXBuildFile; fileRef = 3AF05DB3258A4EF300E300C3 /* Lexeme.swift */; };
		3AF05DC1258A4F5100E300C3 /* LexemeTranslation.swift in Sources */ = {isa = PBXBuildFile; fileRef = 3AF05DC0258A4F5100E300C3 /* LexemeTranslation.swift */; };
		3AF05DC6258A4FD800E300C3 /* TranslationExample.swift in Sources */ = {isa = PBXBuildFile; fileRef = 3AF05DC5258A4FD800E300C3 /* TranslationExample.swift */; };
		3AF05DCB258A532F00E300C3 /* PartOfSpeech.swift in Sources */ = {isa = PBXBuildFile; fileRef = 3AF05DCA258A532F00E300C3 /* PartOfSpeech.swift */; };
		3AF05DD0258A535A00E300C3 /* Language.swift in Sources */ = {isa = PBXBuildFile; fileRef = 3AF05DCF258A535A00E300C3 /* Language.swift */; };
		3AF419A025B5887B00AB7741 /* LoggingService.swift in Sources */ = {isa = PBXBuildFile; fileRef = 3AF4199F25B5887B00AB7741 /* LoggingService.swift */; };
		3AF465FD25BF17DA0030DBAE /* NotePlacementSelection.swift in Sources */ = {isa = PBXBuildFile; fileRef = 3AF465FC25BF17DA0030DBAE /* NotePlacementSelection.swift */; };
/* End PBXBuildFile section */

/* Begin PBXContainerItemProxy section */
		3A940881255D9F390090DB55 /* PBXContainerItemProxy */ = {
			isa = PBXContainerItemProxy;
			containerPortal = 3A940867255D9F390090DB55 /* Project object */;
			proxyType = 1;
			remoteGlobalIDString = 3A94086E255D9F390090DB55;
			remoteInfo = MyEnglishDiary;
		};
		3A94088C255D9F3A0090DB55 /* PBXContainerItemProxy */ = {
			isa = PBXContainerItemProxy;
			containerPortal = 3A940867255D9F390090DB55 /* Project object */;
			proxyType = 1;
			remoteGlobalIDString = 3A94086E255D9F390090DB55;
			remoteInfo = MyEnglishDiary;
		};
/* End PBXContainerItemProxy section */

/* Begin PBXFileReference section */
		3A2C599A25A6C9700068FC28 /* LexemeView.swift */ = {isa = PBXFileReference; lastKnownFileType = sourcecode.swift; path = LexemeView.swift; sourceTree = "<group>"; };
		3A2C59A825A6D90E0068FC28 /* TitleLexemeView.swift */ = {isa = PBXFileReference; lastKnownFileType = sourcecode.swift; path = TitleLexemeView.swift; sourceTree = "<group>"; };
		3A2C59AD25A6DA3F0068FC28 /* MeaningsLexemeView.swift */ = {isa = PBXFileReference; lastKnownFileType = sourcecode.swift; path = MeaningsLexemeView.swift; sourceTree = "<group>"; };
		3A36775225B493F7005DDE09 /* Theming.swift */ = {isa = PBXFileReference; lastKnownFileType = sourcecode.swift; path = Theming.swift; sourceTree = "<group>"; };
		3A39FE1925C9890A00F7BAB9 /* StudyingView.swift */ = {isa = PBXFileReference; lastKnownFileType = sourcecode.swift; path = StudyingView.swift; sourceTree = "<group>"; };
		3A3BDE0C25B841D00098A4FC /* DevelopmentDiaryDataProvider.swift */ = {isa = PBXFileReference; lastKnownFileType = sourcecode.swift; path = DevelopmentDiaryDataProvider.swift; sourceTree = "<group>"; };
		3A434EAB25C0264600438724 /* LexemeViewModel.swift */ = {isa = PBXFileReference; lastKnownFileType = sourcecode.swift; path = LexemeViewModel.swift; sourceTree = "<group>"; };
		3A44274B2758EDC3008F675D /* DiaryRecord+Extensions.swift */ = {isa = PBXFileReference; lastKnownFileType = sourcecode.swift; path = "DiaryRecord+Extensions.swift"; sourceTree = "<group>"; };
		3A44274D2758EE8C008F675D /* DiaryRecordsGroup+Extensions.swift */ = {isa = PBXFileReference; lastKnownFileType = sourcecode.swift; path = "DiaryRecordsGroup+Extensions.swift"; sourceTree = "<group>"; };
		3A44274F2758EF6A008F675D /* ExerciseResult.swift */ = {isa = PBXFileReference; lastKnownFileType = sourcecode.swift; path = ExerciseResult.swift; sourceTree = "<group>"; };
		3A4427512758EFD7008F675D /* Exercise+Extensions.swift */ = {isa = PBXFileReference; lastKnownFileType = sourcecode.swift; path = "Exercise+Extensions.swift"; sourceTree = "<group>"; };
		3A469CF1258F6D55003561AE /* FailableSearchUseCaseTest.swift */ = {isa = PBXFileReference; lastKnownFileType = sourcecode.swift; path = FailableSearchUseCaseTest.swift; sourceTree = "<group>"; };
		3A469CFC258F6F14003561AE /* DiaryDataProviderMock.swift */ = {isa = PBXFileReference; lastKnownFileType = sourcecode.swift; path = DiaryDataProviderMock.swift; sourceTree = "<group>"; };
		3A469D01258F7515003561AE /* FailableDiaryDataProviderMock.swift */ = {isa = PBXFileReference; lastKnownFileType = sourcecode.swift; path = FailableDiaryDataProviderMock.swift; sourceTree = "<group>"; };
		3A469D06258F7889003561AE /* FailableMakeNoteUseCaseTest.swift */ = {isa = PBXFileReference; lastKnownFileType = sourcecode.swift; path = FailableMakeNoteUseCaseTest.swift; sourceTree = "<group>"; };
		3A469D0E258F79C5003561AE /* MakeGroupUseCaseTest.swift */ = {isa = PBXFileReference; lastKnownFileType = sourcecode.swift; path = MakeGroupUseCaseTest.swift; sourceTree = "<group>"; };
		3A469D13258F7A40003561AE /* FailableMakeGroupUseCaseTest.swift */ = {isa = PBXFileReference; lastKnownFileType = sourcecode.swift; path = FailableMakeGroupUseCaseTest.swift; sourceTree = "<group>"; };
		3A469D1B258F7AA7003561AE /* MarkNoteWithTagUseCaseTest.swift */ = {isa = PBXFileReference; lastKnownFileType = sourcecode.swift; path = MarkNoteWithTagUseCaseTest.swift; sourceTree = "<group>"; };
		3A4809112755130900522760 /* Lexeme+Extensions.swift */ = {isa = PBXFileReference; lastKnownFileType = sourcecode.swift; path = "Lexeme+Extensions.swift"; sourceTree = "<group>"; };
		3A480913275513E100522760 /* LexemeTranslation+Extensions.swift */ = {isa = PBXFileReference; lastKnownFileType = sourcecode.swift; path = "LexemeTranslation+Extensions.swift"; sourceTree = "<group>"; };
		3A4809152755145100522760 /* TranslationExample+Extensions.swift */ = {isa = PBXFileReference; lastKnownFileType = sourcecode.swift; path = "TranslationExample+Extensions.swift"; sourceTree = "<group>"; };
		3A4809172755148B00522760 /* TranslationTag.swift */ = {isa = PBXFileReference; lastKnownFileType = sourcecode.swift; path = TranslationTag.swift; sourceTree = "<group>"; };
		3A4809192755149900522760 /* TranslationTag+Extensions.swift */ = {isa = PBXFileReference; lastKnownFileType = sourcecode.swift; path = "TranslationTag+Extensions.swift"; sourceTree = "<group>"; };
		3A4D83B825B451B40091FDDC /* Configuration.swift */ = {isa = PBXFileReference; lastKnownFileType = sourcecode.swift; path = Configuration.swift; sourceTree = "<group>"; };
		3A548690258BAC9E000EF8B0 /* UseCase.swift */ = {isa = PBXFileReference; lastKnownFileType = sourcecode.swift; path = UseCase.swift; sourceTree = "<group>"; };
		3A5AE23525841C4B00C5DB17 /* DependencyContainer.swift */ = {isa = PBXFileReference; lastKnownFileType = sourcecode.swift; path = DependencyContainer.swift; sourceTree = "<group>"; };
		3A646807259642F500D83F03 /* SearchResultCard.swift */ = {isa = PBXFileReference; lastKnownFileType = sourcecode.swift; path = SearchResultCard.swift; sourceTree = "<group>"; };
		3A94086F255D9F390090DB55 /* MyEnglishDiary.app */ = {isa = PBXFileReference; explicitFileType = wrapper.application; includeInIndex = 0; path = MyEnglishDiary.app; sourceTree = BUILT_PRODUCTS_DIR; };
		3A940872255D9F390090DB55 /* MyEnglishDiaryApp.swift */ = {isa = PBXFileReference; lastKnownFileType = sourcecode.swift; path = MyEnglishDiaryApp.swift; sourceTree = "<group>"; };
		3A940874255D9F390090DB55 /* RootView.swift */ = {isa = PBXFileReference; lastKnownFileType = sourcecode.swift; path = RootView.swift; sourceTree = "<group>"; };
		3A940876255D9F390090DB55 /* Assets.xcassets */ = {isa = PBXFileReference; lastKnownFileType = folder.assetcatalog; path = Assets.xcassets; sourceTree = "<group>"; };
		3A940879255D9F390090DB55 /* Preview Assets.xcassets */ = {isa = PBXFileReference; lastKnownFileType = folder.assetcatalog; path = "Preview Assets.xcassets"; sourceTree = "<group>"; };
		3A94087B255D9F390090DB55 /* Info.plist */ = {isa = PBXFileReference; lastKnownFileType = text.plist.xml; path = Info.plist; sourceTree = "<group>"; };
		3A940880255D9F390090DB55 /* MyEnglishDiaryTests.xctest */ = {isa = PBXFileReference; explicitFileType = wrapper.cfbundle; includeInIndex = 0; path = MyEnglishDiaryTests.xctest; sourceTree = BUILT_PRODUCTS_DIR; };
		3A940886255D9F390090DB55 /* Info.plist */ = {isa = PBXFileReference; lastKnownFileType = text.plist.xml; path = Info.plist; sourceTree = "<group>"; };
		3A94088B255D9F3A0090DB55 /* MyEnglishDiaryUITests.xctest */ = {isa = PBXFileReference; explicitFileType = wrapper.cfbundle; includeInIndex = 0; path = MyEnglishDiaryUITests.xctest; sourceTree = BUILT_PRODUCTS_DIR; };
		3A94088F255D9F3A0090DB55 /* MyEnglishDiaryUITests.swift */ = {isa = PBXFileReference; lastKnownFileType = sourcecode.swift; path = MyEnglishDiaryUITests.swift; sourceTree = "<group>"; };
		3A940891255D9F3A0090DB55 /* Info.plist */ = {isa = PBXFileReference; lastKnownFileType = text.plist.xml; path = Info.plist; sourceTree = "<group>"; };
		3ABE248B25C4123A0056E5AF /* Loadable.swift */ = {isa = PBXFileReference; lastKnownFileType = sourcecode.swift; path = Loadable.swift; sourceTree = "<group>"; };
		3ABE249125C417160056E5AF /* ActivityIndicator.swift */ = {isa = PBXFileReference; lastKnownFileType = sourcecode.swift; path = ActivityIndicator.swift; sourceTree = "<group>"; };
		3AC0B31E25B84FD200523745 /* DiaryViewModel.swift */ = {isa = PBXFileReference; lastKnownFileType = sourcecode.swift; path = DiaryViewModel.swift; sourceTree = "<group>"; };
		3AC0B32325B8527E00523745 /* ReadDiaryRecordsUseCase.swift */ = {isa = PBXFileReference; lastKnownFileType = sourcecode.swift; path = ReadDiaryRecordsUseCase.swift; sourceTree = "<group>"; };
		3AC0B32825B854C000523745 /* ReadRecordsGroupsUseCase.swift */ = {isa = PBXFileReference; lastKnownFileType = sourcecode.swift; path = ReadRecordsGroupsUseCase.swift; sourceTree = "<group>"; };
		3AC0B32D25B85EC500523745 /* NoteCard.swift */ = {isa = PBXFileReference; lastKnownFileType = sourcecode.swift; path = NoteCard.swift; sourceTree = "<group>"; };
		3AD88C99258DED7B002D4B07 /* DictionaryDataProvider.swift */ = {isa = PBXFileReference; lastKnownFileType = sourcecode.swift; path = DictionaryDataProvider.swift; sourceTree = "<group>"; };
		3AD88C9F258DEE4C002D4B07 /* DictionaryDataProviderMock.swift */ = {isa = PBXFileReference; lastKnownFileType = sourcecode.swift; path = DictionaryDataProviderMock.swift; sourceTree = "<group>"; };
		3AD88CB3258DF8A0002D4B07 /* SearchUseCaseTest.swift */ = {isa = PBXFileReference; lastKnownFileType = sourcecode.swift; path = SearchUseCaseTest.swift; sourceTree = "<group>"; };
		3AD88CD1258E00C7002D4B07 /* FailableDictionaryDataProviderMock.swift */ = {isa = PBXFileReference; lastKnownFileType = sourcecode.swift; path = FailableDictionaryDataProviderMock.swift; sourceTree = "<group>"; };
		3AD88D55258E024C002D4B07 /* DataProvider.swift */ = {isa = PBXFileReference; lastKnownFileType = sourcecode.swift; path = DataProvider.swift; sourceTree = "<group>"; };
		3AD88D65258E0C83002D4B07 /* DiaryDataProvider.swift */ = {isa = PBXFileReference; lastKnownFileType = sourcecode.swift; path = DiaryDataProvider.swift; sourceTree = "<group>"; };
		3AD88D76258E1325002D4B07 /* Exercise.swift */ = {isa = PBXFileReference; lastKnownFileType = sourcecode.swift; path = Exercise.swift; sourceTree = "<group>"; };
		3AD88D81258E1671002D4B07 /* MarkNoteWithTagUseCase.swift */ = {isa = PBXFileReference; lastKnownFileType = sourcecode.swift; path = MarkNoteWithTagUseCase.swift; sourceTree = "<group>"; };
		3ADABD222594E380003DF039 /* SearchViewModel.swift */ = {isa = PBXFileReference; lastKnownFileType = sourcecode.swift; path = SearchViewModel.swift; sourceTree = "<group>"; };
		3ADABD292594E658003DF039 /* SearchInput.swift */ = {isa = PBXFileReference; lastKnownFileType = sourcecode.swift; path = SearchInput.swift; sourceTree = "<group>"; };
		3ADB17A9258F9353004B0A80 /* SearchView.swift */ = {isa = PBXFileReference; lastKnownFileType = sourcecode.swift; path = SearchView.swift; sourceTree = "<group>"; };
		3ADB17AE258F9361004B0A80 /* DiaryView.swift */ = {isa = PBXFileReference; lastKnownFileType = sourcecode.swift; path = DiaryView.swift; sourceTree = "<group>"; };
		3AE49E44256D745A00FBD65F /* DiaryRecord.swift */ = {isa = PBXFileReference; lastKnownFileType = sourcecode.swift; path = DiaryRecord.swift; sourceTree = "<group>"; };
		3AE49E4A256D747D00FBD65F /* DiaryRecordsGroup.swift */ = {isa = PBXFileReference; lastKnownFileType = sourcecode.swift; path = DiaryRecordsGroup.swift; sourceTree = "<group>"; };
		3AE49E53256D759A00FBD65F /* DictionarySearchResult.swift */ = {isa = PBXFileReference; lastKnownFileType = sourcecode.swift; path = DictionarySearchResult.swift; sourceTree = "<group>"; };
		3AE49E60256D762400FBD65F /* SearchUseCase.swift */ = {isa = PBXFileReference; lastKnownFileType = sourcecode.swift; path = SearchUseCase.swift; sourceTree = "<group>"; };
		3AE49E65256D765D00FBD65F /* MakeDiaryRecordUseCase.swift */ = {isa = PBXFileReference; lastKnownFileType = sourcecode.swift; path = MakeDiaryRecordUseCase.swift; sourceTree = "<group>"; };
		3AE49E6A256D76DC00FBD65F /* MakeRecordsGroupUseCase.swift */ = {isa = PBXFileReference; lastKnownFileType = sourcecode.swift; path = MakeRecordsGroupUseCase.swift; sourceTree = "<group>"; };
		3AE49E75256D777300FBD65F /* Studying.swift */ = {isa = PBXFileReference; lastKnownFileType = sourcecode.swift; path = Studying.swift; sourceTree = "<group>"; };
		3AED4202258E72ED0068C294 /* MakeNoteUseCaseTest.swift */ = {isa = PBXFileReference; lastKnownFileType = sourcecode.swift; path = MakeNoteUseCaseTest.swift; sourceTree = "<group>"; };
		3AED4208258E792C0068C294 /* DevelopmentDictionaryDataProvider.swift */ = {isa = PBXFileReference; lastKnownFileType = sourcecode.swift; path = DevelopmentDictionaryDataProvider.swift; sourceTree = "<group>"; };
		3AF05DB3258A4EF300E300C3 /* Lexeme.swift */ = {isa = PBXFileReference; lastKnownFileType = sourcecode.swift; path = Lexeme.swift; sourceTree = "<group>"; };
		3AF05DC0258A4F5100E300C3 /* LexemeTranslation.swift */ = {isa = PBXFileReference; lastKnownFileType = sourcecode.swift; path = LexemeTranslation.swift; sourceTree = "<group>"; };
		3AF05DC5258A4FD800E300C3 /* TranslationExample.swift */ = {isa = PBXFileReference; lastKnownFileType = sourcecode.swift; path = TranslationExample.swift; sourceTree = "<group>"; };
		3AF05DCA258A532F00E300C3 /* PartOfSpeech.swift */ = {isa = PBXFileReference; lastKnownFileType = sourcecode.swift; path = PartOfSpeech.swift; sourceTree = "<group>"; };
		3AF05DCF258A535A00E300C3 /* Language.swift */ = {isa = PBXFileReference; lastKnownFileType = sourcecode.swift; path = Language.swift; sourceTree = "<group>"; };
		3AF4199F25B5887B00AB7741 /* LoggingService.swift */ = {isa = PBXFileReference; lastKnownFileType = sourcecode.swift; path = LoggingService.swift; sourceTree = "<group>"; };
		3AF465FC25BF17DA0030DBAE /* NotePlacementSelection.swift */ = {isa = PBXFileReference; lastKnownFileType = sourcecode.swift; path = NotePlacementSelection.swift; sourceTree = "<group>"; };
		3AFB17C625B1A4FC00C72BF7 /* Development.xcconfig */ = {isa = PBXFileReference; lastKnownFileType = text.xcconfig; path = Development.xcconfig; sourceTree = "<group>"; };
		3AFB17C725B1A53200C72BF7 /* Staging.xcconfig */ = {isa = PBXFileReference; lastKnownFileType = text.xcconfig; path = Staging.xcconfig; sourceTree = "<group>"; };
		3AFB17C825B1A54300C72BF7 /* Production.xcconfig */ = {isa = PBXFileReference; lastKnownFileType = text.xcconfig; path = Production.xcconfig; sourceTree = "<group>"; };
/* End PBXFileReference section */

/* Begin PBXFrameworksBuildPhase section */
		3A94086C255D9F390090DB55 /* Frameworks */ = {
			isa = PBXFrameworksBuildPhase;
			buildActionMask = 2147483647;
			files = (
				3AD8C2D2276E02780076EEF9 /* Sentry in Frameworks */,
			);
			runOnlyForDeploymentPostprocessing = 0;
		};
		3A94087D255D9F390090DB55 /* Frameworks */ = {
			isa = PBXFrameworksBuildPhase;
			buildActionMask = 2147483647;
			files = (
			);
			runOnlyForDeploymentPostprocessing = 0;
		};
		3A940888255D9F3A0090DB55 /* Frameworks */ = {
			isa = PBXFrameworksBuildPhase;
			buildActionMask = 2147483647;
			files = (
			);
			runOnlyForDeploymentPostprocessing = 0;
		};
/* End PBXFrameworksBuildPhase section */

/* Begin PBXGroup section */
		3A2C599925A6C9460068FC28 /* LexemeView */ = {
			isa = PBXGroup;
			children = (
				3A2C599A25A6C9700068FC28 /* LexemeView.swift */,
				3A434EAB25C0264600438724 /* LexemeViewModel.swift */,
				3A2C59A825A6D90E0068FC28 /* TitleLexemeView.swift */,
				3A2C59AD25A6DA3F0068FC28 /* MeaningsLexemeView.swift */,
			);
			path = LexemeView;
			sourceTree = "<group>";
		};
		3A36775125B493BB005DDE09 /* Theming */ = {
			isa = PBXGroup;
			children = (
				3A36775225B493F7005DDE09 /* Theming.swift */,
			);
			path = Theming;
			sourceTree = "<group>";
		};
		3A39FE1825C988BD00F7BAB9 /* StudyingView */ = {
			isa = PBXGroup;
			children = (
				3A39FE1925C9890A00F7BAB9 /* StudyingView.swift */,
			);
			path = StudyingView;
			sourceTree = "<group>";
		};
		3A3BDE0B25B841BC0098A4FC /* DiaryDataProvider */ = {
			isa = PBXGroup;
			children = (
				3A3BDE1425B849B20098A4FC /* DevelopmentDiaryDataProvider */,
			);
			path = DiaryDataProvider;
			sourceTree = "<group>";
		};
		3A3BDE1425B849B20098A4FC /* DevelopmentDiaryDataProvider */ = {
			isa = PBXGroup;
			children = (
				3A3BDE0C25B841D00098A4FC /* DevelopmentDiaryDataProvider.swift */,
			);
			path = DevelopmentDiaryDataProvider;
			sourceTree = "<group>";
		};
		3A469D23258F91A1003561AE /* RootView */ = {
			isa = PBXGroup;
			children = (
				3A940874255D9F390090DB55 /* RootView.swift */,
			);
			path = RootView;
			sourceTree = "<group>";
		};
		3A55DE6825606BCA00B3A4CA /* Domain */ = {
			isa = PBXGroup;
			children = (
				3A55DE6925606BFF00B3A4CA /* Entities */,
				3AD88CAD258DF4EB002D4B07 /* UseCases */,
				3AE49E7A256D7A7B00FBD65F /* Abstractions */,
			);
			path = Domain;
			sourceTree = "<group>";
		};
		3A55DE6925606BFF00B3A4CA /* Entities */ = {
			isa = PBXGroup;
			children = (
				3AF05DB2258A4EE100E300C3 /* Language */,
				3AE49E52256D74F000FBD65F /* Search */,
				3A55DE6D256070A400B3A4CA /* Diary */,
			);
			path = Entities;
			sourceTree = "<group>";
		};
		3A55DE6B25606C2000B3A4CA /* Presentation */ = {
			isa = PBXGroup;
			children = (
				3ABE237A25C2BD800056E5AF /* NoteView */,
				3A469D23258F91A1003561AE /* RootView */,
				3ADB17A7258F9300004B0A80 /* SearchView */,
				3A2C599925A6C9460068FC28 /* LexemeView */,
				3A39FE1825C988BD00F7BAB9 /* StudyingView */,
				3ADB17A8258F9326004B0A80 /* DiaryView */,
				3ADABD272594E621003DF039 /* Library */,
				3A36775125B493BB005DDE09 /* Theming */,
			);
			path = Presentation;
			sourceTree = "<group>";
		};
		3A55DE6C25606C3300B3A4CA /* Services */ = {
			isa = PBXGroup;
			children = (
				3AF4199E25B5886700AB7741 /* LoggingService */,
			);
			path = Services;
			sourceTree = "<group>";
		};
		3A55DE6D256070A400B3A4CA /* Diary */ = {
			isa = PBXGroup;
			children = (
				3AE49E44256D745A00FBD65F /* DiaryRecord.swift */,
				3A44274B2758EDC3008F675D /* DiaryRecord+Extensions.swift */,
				3AE49E4A256D747D00FBD65F /* DiaryRecordsGroup.swift */,
				3A44274D2758EE8C008F675D /* DiaryRecordsGroup+Extensions.swift */,
				3AD88D76258E1325002D4B07 /* Exercise.swift */,
				3A4427512758EFD7008F675D /* Exercise+Extensions.swift */,
				3A44274F2758EF6A008F675D /* ExerciseResult.swift */,
				3AE49E75256D777300FBD65F /* Studying.swift */,
			);
			path = Diary;
			sourceTree = "<group>";
		};
		3A5AE21A258415FC00C5DB17 /* DataProviders */ = {
			isa = PBXGroup;
			children = (
				3A5AE21B2584168100C5DB17 /* DictionaryDataProvider */,
				3A3BDE0B25B841BC0098A4FC /* DiaryDataProvider */,
			);
			path = DataProviders;
			sourceTree = "<group>";
		};
		3A5AE21B2584168100C5DB17 /* DictionaryDataProvider */ = {
			isa = PBXGroup;
			children = (
				3AED4207258E78F90068C294 /* DevelopmentDictionaryDataProvider */,
			);
			path = DictionaryDataProvider;
			sourceTree = "<group>";
		};
		3A5D4590258F69EA00EB0533 /* DictionaryDataProvider */ = {
			isa = PBXGroup;
			children = (
				3AD88C9F258DEE4C002D4B07 /* DictionaryDataProviderMock.swift */,
				3AD88CD1258E00C7002D4B07 /* FailableDictionaryDataProviderMock.swift */,
			);
			path = DictionaryDataProvider;
			sourceTree = "<group>";
		};
		3A5D4591258F6A0500EB0533 /* DiaryDataProvider */ = {
			isa = PBXGroup;
			children = (
				3A469CFC258F6F14003561AE /* DiaryDataProviderMock.swift */,
				3A469D01258F7515003561AE /* FailableDiaryDataProviderMock.swift */,
			);
			path = DiaryDataProvider;
			sourceTree = "<group>";
		};
		3A940866255D9F390090DB55 = {
			isa = PBXGroup;
			children = (
				3A940871255D9F390090DB55 /* MyEnglishDiary */,
				3A940883255D9F390090DB55 /* MyEnglishDiaryTests */,
				3A94088E255D9F3A0090DB55 /* MyEnglishDiaryUITests */,
				3A940870255D9F390090DB55 /* Products */,
			);
			sourceTree = "<group>";
		};
		3A940870255D9F390090DB55 /* Products */ = {
			isa = PBXGroup;
			children = (
				3A94086F255D9F390090DB55 /* MyEnglishDiary.app */,
				3A940880255D9F390090DB55 /* MyEnglishDiaryTests.xctest */,
				3A94088B255D9F3A0090DB55 /* MyEnglishDiaryUITests.xctest */,
			);
			name = Products;
			sourceTree = "<group>";
		};
		3A940871255D9F390090DB55 /* MyEnglishDiary */ = {
			isa = PBXGroup;
			children = (
				3AFB17C525B1A4CB00C72BF7 /* Configurations */,
				3A55DE6825606BCA00B3A4CA /* Domain */,
				3A55DE6C25606C3300B3A4CA /* Services */,
				3A5AE21A258415FC00C5DB17 /* DataProviders */,
				3A55DE6B25606C2000B3A4CA /* Presentation */,
				3A940878255D9F390090DB55 /* Preview Content */,
				3A940876255D9F390090DB55 /* Assets.xcassets */,
				3A94087B255D9F390090DB55 /* Info.plist */,
				3A940872255D9F390090DB55 /* MyEnglishDiaryApp.swift */,
				3A4D83B825B451B40091FDDC /* Configuration.swift */,
				3A5AE23525841C4B00C5DB17 /* DependencyContainer.swift */,
			);
			path = MyEnglishDiary;
			sourceTree = "<group>";
		};
		3A940878255D9F390090DB55 /* Preview Content */ = {
			isa = PBXGroup;
			children = (
				3A940879255D9F390090DB55 /* Preview Assets.xcassets */,
			);
			path = "Preview Content";
			sourceTree = "<group>";
		};
		3A940883255D9F390090DB55 /* MyEnglishDiaryTests */ = {
			isa = PBXGroup;
			children = (
				3AD88CB1258DF84C002D4B07 /* Domain */,
				3AD88CC5258DFFFA002D4B07 /* MockObjects */,
				3A940886255D9F390090DB55 /* Info.plist */,
			);
			path = MyEnglishDiaryTests;
			sourceTree = "<group>";
		};
		3A94088E255D9F3A0090DB55 /* MyEnglishDiaryUITests */ = {
			isa = PBXGroup;
			children = (
				3A94088F255D9F3A0090DB55 /* MyEnglishDiaryUITests.swift */,
				3A940891255D9F3A0090DB55 /* Info.plist */,
			);
			path = MyEnglishDiaryUITests;
			sourceTree = "<group>";
		};
		3ABE237A25C2BD800056E5AF /* NoteView */ = {
			isa = PBXGroup;
			children = (
			);
			path = NoteView;
			sourceTree = "<group>";
		};
		3ABE248A25C412200056E5AF /* Loadable */ = {
			isa = PBXGroup;
			children = (
				3ABE248B25C4123A0056E5AF /* Loadable.swift */,
			);
			path = Loadable;
			sourceTree = "<group>";
		};
		3ABE249025C4170B0056E5AF /* ActivityIndicator */ = {
			isa = PBXGroup;
			children = (
				3ABE249125C417160056E5AF /* ActivityIndicator.swift */,
			);
			path = ActivityIndicator;
			sourceTree = "<group>";
		};
		3AD88CAD258DF4EB002D4B07 /* UseCases */ = {
			isa = PBXGroup;
			children = (
				3AE49E60256D762400FBD65F /* SearchUseCase.swift */,
				3AE49E65256D765D00FBD65F /* MakeDiaryRecordUseCase.swift */,
				3AE49E6A256D76DC00FBD65F /* MakeRecordsGroupUseCase.swift */,
				3AD88D81258E1671002D4B07 /* MarkNoteWithTagUseCase.swift */,
				3AC0B32325B8527E00523745 /* ReadDiaryRecordsUseCase.swift */,
				3AC0B32825B854C000523745 /* ReadRecordsGroupsUseCase.swift */,
			);
			path = UseCases;
			sourceTree = "<group>";
		};
		3AD88CB1258DF84C002D4B07 /* Domain */ = {
			isa = PBXGroup;
			children = (
				3AD88CB2258DF875002D4B07 /* UseCases */,
			);
			path = Domain;
			sourceTree = "<group>";
		};
		3AD88CB2258DF875002D4B07 /* UseCases */ = {
			isa = PBXGroup;
			children = (
				3AD88CB3258DF8A0002D4B07 /* SearchUseCaseTest.swift */,
				3AED4202258E72ED0068C294 /* MakeNoteUseCaseTest.swift */,
				3A469D0E258F79C5003561AE /* MakeGroupUseCaseTest.swift */,
				3A469D1B258F7AA7003561AE /* MarkNoteWithTagUseCaseTest.swift */,
				3A469CF1258F6D55003561AE /* FailableSearchUseCaseTest.swift */,
				3A469D06258F7889003561AE /* FailableMakeNoteUseCaseTest.swift */,
				3A469D13258F7A40003561AE /* FailableMakeGroupUseCaseTest.swift */,
			);
			path = UseCases;
			sourceTree = "<group>";
		};
		3AD88CC5258DFFFA002D4B07 /* MockObjects */ = {
			isa = PBXGroup;
			children = (
				3A5D4590258F69EA00EB0533 /* DictionaryDataProvider */,
				3A5D4591258F6A0500EB0533 /* DiaryDataProvider */,
			);
			path = MockObjects;
			sourceTree = "<group>";
		};
		3ADABD272594E621003DF039 /* Library */ = {
			isa = PBXGroup;
			children = (
				3ABE249025C4170B0056E5AF /* ActivityIndicator */,
				3ABE248A25C412200056E5AF /* Loadable */,
				3ADABD282594E63F003DF039 /* SearchInput */,
				3AF465FB25BF17990030DBAE /* NotePlacementSelection */,
			);
			path = Library;
			sourceTree = "<group>";
		};
		3ADABD282594E63F003DF039 /* SearchInput */ = {
			isa = PBXGroup;
			children = (
				3ADABD292594E658003DF039 /* SearchInput.swift */,
			);
			path = SearchInput;
			sourceTree = "<group>";
		};
		3ADB17A7258F9300004B0A80 /* SearchView */ = {
			isa = PBXGroup;
			children = (
				3ADB17A9258F9353004B0A80 /* SearchView.swift */,
				3A646807259642F500D83F03 /* SearchResultCard.swift */,
				3ADABD222594E380003DF039 /* SearchViewModel.swift */,
			);
			path = SearchView;
			sourceTree = "<group>";
		};
		3ADB17A8258F9326004B0A80 /* DiaryView */ = {
			isa = PBXGroup;
			children = (
				3ADB17AE258F9361004B0A80 /* DiaryView.swift */,
				3AC0B32D25B85EC500523745 /* NoteCard.swift */,
				3AC0B31E25B84FD200523745 /* DiaryViewModel.swift */,
			);
			path = DiaryView;
			sourceTree = "<group>";
		};
		3AE49E52256D74F000FBD65F /* Search */ = {
			isa = PBXGroup;
			children = (
				3AE49E53256D759A00FBD65F /* DictionarySearchResult.swift */,
			);
			path = Search;
			sourceTree = "<group>";
		};
		3AE49E7A256D7A7B00FBD65F /* Abstractions */ = {
			isa = PBXGroup;
			children = (
				3A548690258BAC9E000EF8B0 /* UseCase.swift */,
				3AD88D55258E024C002D4B07 /* DataProvider.swift */,
				3AD88C99258DED7B002D4B07 /* DictionaryDataProvider.swift */,
				3AD88D65258E0C83002D4B07 /* DiaryDataProvider.swift */,
			);
			path = Abstractions;
			sourceTree = "<group>";
		};
		3AED4207258E78F90068C294 /* DevelopmentDictionaryDataProvider */ = {
			isa = PBXGroup;
			children = (
				3AED4208258E792C0068C294 /* DevelopmentDictionaryDataProvider.swift */,
			);
			path = DevelopmentDictionaryDataProvider;
			sourceTree = "<group>";
		};
		3AF05DB2258A4EE100E300C3 /* Language */ = {
			isa = PBXGroup;
			children = (
				3AF05DCF258A535A00E300C3 /* Language.swift */,
				3AF05DCA258A532F00E300C3 /* PartOfSpeech.swift */,
				3AF05DB3258A4EF300E300C3 /* Lexeme.swift */,
				3A4809112755130900522760 /* Lexeme+Extensions.swift */,
				3AF05DC0258A4F5100E300C3 /* LexemeTranslation.swift */,
				3A480913275513E100522760 /* LexemeTranslation+Extensions.swift */,
				3AF05DC5258A4FD800E300C3 /* TranslationExample.swift */,
				3A4809152755145100522760 /* TranslationExample+Extensions.swift */,
				3A4809172755148B00522760 /* TranslationTag.swift */,
				3A4809192755149900522760 /* TranslationTag+Extensions.swift */,
			);
			path = Language;
			sourceTree = "<group>";
		};
		3AF4199E25B5886700AB7741 /* LoggingService */ = {
			isa = PBXGroup;
			children = (
				3AF4199F25B5887B00AB7741 /* LoggingService.swift */,
			);
			path = LoggingService;
			sourceTree = "<group>";
		};
		3AF465FB25BF17990030DBAE /* NotePlacementSelection */ = {
			isa = PBXGroup;
			children = (
				3AF465FC25BF17DA0030DBAE /* NotePlacementSelection.swift */,
			);
			path = NotePlacementSelection;
			sourceTree = "<group>";
		};
		3AFB17C525B1A4CB00C72BF7 /* Configurations */ = {
			isa = PBXGroup;
			children = (
				3AFB17C625B1A4FC00C72BF7 /* Development.xcconfig */,
				3AFB17C725B1A53200C72BF7 /* Staging.xcconfig */,
				3AFB17C825B1A54300C72BF7 /* Production.xcconfig */,
			);
			path = Configurations;
			sourceTree = "<group>";
		};
/* End PBXGroup section */

/* Begin PBXNativeTarget section */
		3A94086E255D9F390090DB55 /* MyEnglishDiary */ = {
			isa = PBXNativeTarget;
			buildConfigurationList = 3A940894255D9F3A0090DB55 /* Build configuration list for PBXNativeTarget "MyEnglishDiary" */;
			buildPhases = (
				3A94086B255D9F390090DB55 /* Sources */,
				3A54869B258BBB29000EF8B0 /* SwiftLint */,
				3A94086C255D9F390090DB55 /* Frameworks */,
				3A94086D255D9F390090DB55 /* Resources */,
			);
			buildRules = (
			);
			dependencies = (
			);
			name = MyEnglishDiary;
			packageProductDependencies = (
				3AD8C2D1276E02780076EEF9 /* Sentry */,
			);
			productName = MyEnglishDiary;
			productReference = 3A94086F255D9F390090DB55 /* MyEnglishDiary.app */;
			productType = "com.apple.product-type.application";
		};
		3A94087F255D9F390090DB55 /* MyEnglishDiaryTests */ = {
			isa = PBXNativeTarget;
			buildConfigurationList = 3A940897255D9F3A0090DB55 /* Build configuration list for PBXNativeTarget "MyEnglishDiaryTests" */;
			buildPhases = (
				3A94087C255D9F390090DB55 /* Sources */,
				3A94087D255D9F390090DB55 /* Frameworks */,
				3A94087E255D9F390090DB55 /* Resources */,
			);
			buildRules = (
			);
			dependencies = (
				3A940882255D9F390090DB55 /* PBXTargetDependency */,
			);
			name = MyEnglishDiaryTests;
			productName = MyEnglishDiaryTests;
			productReference = 3A940880255D9F390090DB55 /* MyEnglishDiaryTests.xctest */;
			productType = "com.apple.product-type.bundle.unit-test";
		};
		3A94088A255D9F3A0090DB55 /* MyEnglishDiaryUITests */ = {
			isa = PBXNativeTarget;
			buildConfigurationList = 3A94089A255D9F3A0090DB55 /* Build configuration list for PBXNativeTarget "MyEnglishDiaryUITests" */;
			buildPhases = (
				3A940887255D9F3A0090DB55 /* Sources */,
				3A940888255D9F3A0090DB55 /* Frameworks */,
				3A940889255D9F3A0090DB55 /* Resources */,
			);
			buildRules = (
			);
			dependencies = (
				3A94088D255D9F3A0090DB55 /* PBXTargetDependency */,
			);
			name = MyEnglishDiaryUITests;
			productName = MyEnglishDiaryUITests;
			productReference = 3A94088B255D9F3A0090DB55 /* MyEnglishDiaryUITests.xctest */;
			productType = "com.apple.product-type.bundle.ui-testing";
		};
/* End PBXNativeTarget section */

/* Begin PBXProject section */
		3A940867255D9F390090DB55 /* Project object */ = {
			isa = PBXProject;
			attributes = {
				LastSwiftUpdateCheck = 1210;
				LastUpgradeCheck = 1240;
				TargetAttributes = {
					3A94086E255D9F390090DB55 = {
						CreatedOnToolsVersion = 12.1;
					};
					3A94087F255D9F390090DB55 = {
						CreatedOnToolsVersion = 12.1;
						TestTargetID = 3A94086E255D9F390090DB55;
					};
					3A94088A255D9F3A0090DB55 = {
						CreatedOnToolsVersion = 12.1;
						TestTargetID = 3A94086E255D9F390090DB55;
					};
				};
			};
			buildConfigurationList = 3A94086A255D9F390090DB55 /* Build configuration list for PBXProject "MyEnglishDiary" */;
			compatibilityVersion = "Xcode 9.3";
			developmentRegion = en;
			hasScannedForEncodings = 0;
			knownRegions = (
				en,
				Base,
			);
			mainGroup = 3A940866255D9F390090DB55;
			packageReferences = (
				3AD8C2D0276E02780076EEF9 /* XCRemoteSwiftPackageReference "sentry-cocoa" */,
			);
			productRefGroup = 3A940870255D9F390090DB55 /* Products */;
			projectDirPath = "";
			projectRoot = "";
			targets = (
				3A94086E255D9F390090DB55 /* MyEnglishDiary */,
				3A94087F255D9F390090DB55 /* MyEnglishDiaryTests */,
				3A94088A255D9F3A0090DB55 /* MyEnglishDiaryUITests */,
			);
		};
/* End PBXProject section */

/* Begin PBXResourcesBuildPhase section */
		3A94086D255D9F390090DB55 /* Resources */ = {
			isa = PBXResourcesBuildPhase;
			buildActionMask = 2147483647;
			files = (
				3A94087A255D9F390090DB55 /* Preview Assets.xcassets in Resources */,
				3A940877255D9F390090DB55 /* Assets.xcassets in Resources */,
			);
			runOnlyForDeploymentPostprocessing = 0;
		};
		3A94087E255D9F390090DB55 /* Resources */ = {
			isa = PBXResourcesBuildPhase;
			buildActionMask = 2147483647;
			files = (
			);
			runOnlyForDeploymentPostprocessing = 0;
		};
		3A940889255D9F3A0090DB55 /* Resources */ = {
			isa = PBXResourcesBuildPhase;
			buildActionMask = 2147483647;
			files = (
			);
			runOnlyForDeploymentPostprocessing = 0;
		};
/* End PBXResourcesBuildPhase section */

/* Begin PBXShellScriptBuildPhase section */
		3A54869B258BBB29000EF8B0 /* SwiftLint */ = {
			isa = PBXShellScriptBuildPhase;
			buildActionMask = 2147483647;
			files = (
			);
			inputFileListPaths = (
			);
			inputPaths = (
			);
			name = SwiftLint;
			outputFileListPaths = (
			);
			outputPaths = (
			);
			runOnlyForDeploymentPostprocessing = 0;
			shellPath = /bin/sh;
			shellScript = "# Type a script or drag a script file from your workspace to insert its path.\nif which swiftlint >/dev/null; then\n  swiftlint\nelse\n  echo \"warning: SwiftLint not installed, download from https://github.com/realm/SwiftLint\"\nfi\n";
		};
/* End PBXShellScriptBuildPhase section */

/* Begin PBXSourcesBuildPhase section */
		3A94086B255D9F390090DB55 /* Sources */ = {
			isa = PBXSourcesBuildPhase;
			buildActionMask = 2147483647;
			files = (
				3AE49E61256D762400FBD65F /* SearchUseCase.swift in Sources */,
				3A4809122755130900522760 /* Lexeme+Extensions.swift in Sources */,
				3AF419A025B5887B00AB7741 /* LoggingService.swift in Sources */,
				3A940875255D9F390090DB55 /* RootView.swift in Sources */,
				3A940873255D9F390090DB55 /* MyEnglishDiaryApp.swift in Sources */,
				3A434EAC25C0264600438724 /* LexemeViewModel.swift in Sources */,
				3AD88D77258E1325002D4B07 /* Exercise.swift in Sources */,
				3A2C59AE25A6DA400068FC28 /* MeaningsLexemeView.swift in Sources */,
				3AED4209258E792C0068C294 /* DevelopmentDictionaryDataProvider.swift in Sources */,
				3A4D83B925B451B40091FDDC /* Configuration.swift in Sources */,
				3A4427502758EF6A008F675D /* ExerciseResult.swift in Sources */,
				3AF465FD25BF17DA0030DBAE /* NotePlacementSelection.swift in Sources */,
				3A4427522758EFD7008F675D /* Exercise+Extensions.swift in Sources */,
				3A48091A2755149900522760 /* TranslationTag+Extensions.swift in Sources */,
				3AE49E6B256D76DC00FBD65F /* MakeRecordsGroupUseCase.swift in Sources */,
				3A4809182755148B00522760 /* TranslationTag.swift in Sources */,
				3AC0B32425B8527E00523745 /* ReadDiaryRecordsUseCase.swift in Sources */,
				3AD88D66258E0C83002D4B07 /* DiaryDataProvider.swift in Sources */,
				3A646808259642F500D83F03 /* SearchResultCard.swift in Sources */,
				3AF05DB4258A4EF300E300C3 /* Lexeme.swift in Sources */,
				3A2C599B25A6C9700068FC28 /* LexemeView.swift in Sources */,
				3AF05DC6258A4FD800E300C3 /* TranslationExample.swift in Sources */,
				3A2C59A925A6D90E0068FC28 /* TitleLexemeView.swift in Sources */,
				3A548691258BAC9E000EF8B0 /* UseCase.swift in Sources */,
				3ABE249225C417160056E5AF /* ActivityIndicator.swift in Sources */,
				3AD88D56258E024C002D4B07 /* DataProvider.swift in Sources */,
				3AE49E54256D759A00FBD65F /* DictionarySearchResult.swift in Sources */,
				3AD88D82258E1671002D4B07 /* MarkNoteWithTagUseCase.swift in Sources */,
				3ADB17AA258F9353004B0A80 /* SearchView.swift in Sources */,
				3A36775325B493F7005DDE09 /* Theming.swift in Sources */,
				3AC0B32E25B85EC500523745 /* NoteCard.swift in Sources */,
				3AE49E66256D765D00FBD65F /* MakeDiaryRecordUseCase.swift in Sources */,
				3AE49E45256D745A00FBD65F /* DiaryRecord.swift in Sources */,
				3AC0B32925B854C000523745 /* ReadRecordsGroupsUseCase.swift in Sources */,
				3ABE248C25C4123A0056E5AF /* Loadable.swift in Sources */,
				3AC0B31F25B84FD200523745 /* DiaryViewModel.swift in Sources */,
				3A3BDE0D25B841D00098A4FC /* DevelopmentDiaryDataProvider.swift in Sources */,
				3AF05DCB258A532F00E300C3 /* PartOfSpeech.swift in Sources */,
				3AE49E76256D777300FBD65F /* Studying.swift in Sources */,
				3AE49E4B256D747D00FBD65F /* DiaryRecordsGroup.swift in Sources */,
				3A4809162755145100522760 /* TranslationExample+Extensions.swift in Sources */,
				3AF05DC1258A4F5100E300C3 /* LexemeTranslation.swift in Sources */,
				3A5AE23625841C4B00C5DB17 /* DependencyContainer.swift in Sources */,
				3ADABD232594E380003DF039 /* SearchViewModel.swift in Sources */,
				3A39FE1A25C9890A00F7BAB9 /* StudyingView.swift in Sources */,
				3ADABD2A2594E658003DF039 /* SearchInput.swift in Sources */,
				3AD88C9A258DED7B002D4B07 /* DictionaryDataProvider.swift in Sources */,
				3ADB17AF258F9361004B0A80 /* DiaryView.swift in Sources */,
				3AF05DD0258A535A00E300C3 /* Language.swift in Sources */,
				3A44274E2758EE8C008F675D /* DiaryRecordsGroup+Extensions.swift in Sources */,
				3A480914275513E100522760 /* LexemeTranslation+Extensions.swift in Sources */,
				3A44274C2758EDC3008F675D /* DiaryRecord+Extensions.swift in Sources */,
			);
			runOnlyForDeploymentPostprocessing = 0;
		};
		3A94087C255D9F390090DB55 /* Sources */ = {
			isa = PBXSourcesBuildPhase;
			buildActionMask = 2147483647;
			files = (
				3AED4203258E72ED0068C294 /* MakeNoteUseCaseTest.swift in Sources */,
				3AD88CC9258E0058002D4B07 /* DictionaryDataProviderMock.swift in Sources */,
				3A469D0F258F79C5003561AE /* MakeGroupUseCaseTest.swift in Sources */,
				3A469D07258F7889003561AE /* FailableMakeNoteUseCaseTest.swift in Sources */,
				3AD88CB4258DF8A0002D4B07 /* SearchUseCaseTest.swift in Sources */,
				3AD88CD2258E00C7002D4B07 /* FailableDictionaryDataProviderMock.swift in Sources */,
				3A469CF2258F6D55003561AE /* FailableSearchUseCaseTest.swift in Sources */,
				3A469D02258F7515003561AE /* FailableDiaryDataProviderMock.swift in Sources */,
				3A469CFD258F6F15003561AE /* DiaryDataProviderMock.swift in Sources */,
				3A469D1C258F7AA7003561AE /* MarkNoteWithTagUseCaseTest.swift in Sources */,
				3A469D14258F7A40003561AE /* FailableMakeGroupUseCaseTest.swift in Sources */,
			);
			runOnlyForDeploymentPostprocessing = 0;
		};
		3A940887255D9F3A0090DB55 /* Sources */ = {
			isa = PBXSourcesBuildPhase;
			buildActionMask = 2147483647;
			files = (
				3A940890255D9F3A0090DB55 /* MyEnglishDiaryUITests.swift in Sources */,
			);
			runOnlyForDeploymentPostprocessing = 0;
		};
/* End PBXSourcesBuildPhase section */

/* Begin PBXTargetDependency section */
		3A940882255D9F390090DB55 /* PBXTargetDependency */ = {
			isa = PBXTargetDependency;
			target = 3A94086E255D9F390090DB55 /* MyEnglishDiary */;
			targetProxy = 3A940881255D9F390090DB55 /* PBXContainerItemProxy */;
		};
		3A94088D255D9F3A0090DB55 /* PBXTargetDependency */ = {
			isa = PBXTargetDependency;
			target = 3A94086E255D9F390090DB55 /* MyEnglishDiary */;
			targetProxy = 3A94088C255D9F3A0090DB55 /* PBXContainerItemProxy */;
		};
/* End PBXTargetDependency section */

/* Begin XCBuildConfiguration section */
		3A940892255D9F3A0090DB55 /* DevelopmentDebug */ = {
			isa = XCBuildConfiguration;
			buildSettings = {
				ALWAYS_SEARCH_USER_PATHS = NO;
				CLANG_ANALYZER_NONNULL = YES;
				CLANG_ANALYZER_NUMBER_OBJECT_CONVERSION = YES_AGGRESSIVE;
				CLANG_CXX_LANGUAGE_STANDARD = "gnu++14";
				CLANG_CXX_LIBRARY = "libc++";
				CLANG_ENABLE_MODULES = YES;
				CLANG_ENABLE_OBJC_ARC = YES;
				CLANG_ENABLE_OBJC_WEAK = YES;
				CLANG_WARN_BLOCK_CAPTURE_AUTORELEASING = YES;
				CLANG_WARN_BOOL_CONVERSION = YES;
				CLANG_WARN_COMMA = YES;
				CLANG_WARN_CONSTANT_CONVERSION = YES;
				CLANG_WARN_DEPRECATED_OBJC_IMPLEMENTATIONS = YES;
				CLANG_WARN_DIRECT_OBJC_ISA_USAGE = YES_ERROR;
				CLANG_WARN_DOCUMENTATION_COMMENTS = YES;
				CLANG_WARN_EMPTY_BODY = YES;
				CLANG_WARN_ENUM_CONVERSION = YES;
				CLANG_WARN_INFINITE_RECURSION = YES;
				CLANG_WARN_INT_CONVERSION = YES;
				CLANG_WARN_NON_LITERAL_NULL_CONVERSION = YES;
				CLANG_WARN_OBJC_IMPLICIT_RETAIN_SELF = YES;
				CLANG_WARN_OBJC_LITERAL_CONVERSION = YES;
				CLANG_WARN_OBJC_ROOT_CLASS = YES_ERROR;
				CLANG_WARN_QUOTED_INCLUDE_IN_FRAMEWORK_HEADER = YES;
				CLANG_WARN_RANGE_LOOP_ANALYSIS = YES;
				CLANG_WARN_STRICT_PROTOTYPES = YES;
				CLANG_WARN_SUSPICIOUS_MOVE = YES;
				CLANG_WARN_UNGUARDED_AVAILABILITY = YES_AGGRESSIVE;
				CLANG_WARN_UNREACHABLE_CODE = YES;
				CLANG_WARN__DUPLICATE_METHOD_MATCH = YES;
				COPY_PHASE_STRIP = NO;
				DEBUG_INFORMATION_FORMAT = dwarf;
				ENABLE_STRICT_OBJC_MSGSEND = YES;
				ENABLE_TESTABILITY = YES;
				GCC_C_LANGUAGE_STANDARD = gnu11;
				GCC_DYNAMIC_NO_PIC = NO;
				GCC_NO_COMMON_BLOCKS = YES;
				GCC_OPTIMIZATION_LEVEL = 0;
				GCC_PREPROCESSOR_DEFINITIONS = (
					"DEBUG=1",
					"$(inherited)",
				);
				GCC_WARN_64_TO_32_BIT_CONVERSION = YES;
				GCC_WARN_ABOUT_RETURN_TYPE = YES_ERROR;
				GCC_WARN_UNDECLARED_SELECTOR = YES;
				GCC_WARN_UNINITIALIZED_AUTOS = YES_AGGRESSIVE;
				GCC_WARN_UNUSED_FUNCTION = YES;
				GCC_WARN_UNUSED_VARIABLE = YES;
				IPHONEOS_DEPLOYMENT_TARGET = 13.0;
				MTL_ENABLE_DEBUG_INFO = INCLUDE_SOURCE;
				MTL_FAST_MATH = YES;
				ONLY_ACTIVE_ARCH = YES;
				SDKROOT = iphoneos;
				SWIFT_ACTIVE_COMPILATION_CONDITIONS = DEBUG;
				SWIFT_OPTIMIZATION_LEVEL = "-Onone";
			};
			name = DevelopmentDebug;
		};
		3A940893255D9F3A0090DB55 /* DevelopmentRelease */ = {
			isa = XCBuildConfiguration;
			buildSettings = {
				ALWAYS_SEARCH_USER_PATHS = NO;
				CLANG_ANALYZER_NONNULL = YES;
				CLANG_ANALYZER_NUMBER_OBJECT_CONVERSION = YES_AGGRESSIVE;
				CLANG_CXX_LANGUAGE_STANDARD = "gnu++14";
				CLANG_CXX_LIBRARY = "libc++";
				CLANG_ENABLE_MODULES = YES;
				CLANG_ENABLE_OBJC_ARC = YES;
				CLANG_ENABLE_OBJC_WEAK = YES;
				CLANG_WARN_BLOCK_CAPTURE_AUTORELEASING = YES;
				CLANG_WARN_BOOL_CONVERSION = YES;
				CLANG_WARN_COMMA = YES;
				CLANG_WARN_CONSTANT_CONVERSION = YES;
				CLANG_WARN_DEPRECATED_OBJC_IMPLEMENTATIONS = YES;
				CLANG_WARN_DIRECT_OBJC_ISA_USAGE = YES_ERROR;
				CLANG_WARN_DOCUMENTATION_COMMENTS = YES;
				CLANG_WARN_EMPTY_BODY = YES;
				CLANG_WARN_ENUM_CONVERSION = YES;
				CLANG_WARN_INFINITE_RECURSION = YES;
				CLANG_WARN_INT_CONVERSION = YES;
				CLANG_WARN_NON_LITERAL_NULL_CONVERSION = YES;
				CLANG_WARN_OBJC_IMPLICIT_RETAIN_SELF = YES;
				CLANG_WARN_OBJC_LITERAL_CONVERSION = YES;
				CLANG_WARN_OBJC_ROOT_CLASS = YES_ERROR;
				CLANG_WARN_QUOTED_INCLUDE_IN_FRAMEWORK_HEADER = YES;
				CLANG_WARN_RANGE_LOOP_ANALYSIS = YES;
				CLANG_WARN_STRICT_PROTOTYPES = YES;
				CLANG_WARN_SUSPICIOUS_MOVE = YES;
				CLANG_WARN_UNGUARDED_AVAILABILITY = YES_AGGRESSIVE;
				CLANG_WARN_UNREACHABLE_CODE = YES;
				CLANG_WARN__DUPLICATE_METHOD_MATCH = YES;
				COPY_PHASE_STRIP = NO;
				DEBUG_INFORMATION_FORMAT = "dwarf-with-dsym";
				ENABLE_NS_ASSERTIONS = NO;
				ENABLE_STRICT_OBJC_MSGSEND = YES;
				ENABLE_TESTABILITY = YES;
				GCC_C_LANGUAGE_STANDARD = gnu11;
				GCC_NO_COMMON_BLOCKS = YES;
				GCC_WARN_64_TO_32_BIT_CONVERSION = YES;
				GCC_WARN_ABOUT_RETURN_TYPE = YES_ERROR;
				GCC_WARN_UNDECLARED_SELECTOR = YES;
				GCC_WARN_UNINITIALIZED_AUTOS = YES_AGGRESSIVE;
				GCC_WARN_UNUSED_FUNCTION = YES;
				GCC_WARN_UNUSED_VARIABLE = YES;
				IPHONEOS_DEPLOYMENT_TARGET = 13.0;
				MTL_ENABLE_DEBUG_INFO = NO;
				MTL_FAST_MATH = YES;
				ONLY_ACTIVE_ARCH = YES;
				SDKROOT = iphoneos;
				SWIFT_COMPILATION_MODE = wholemodule;
				SWIFT_OPTIMIZATION_LEVEL = "-O";
				VALIDATE_PRODUCT = YES;
			};
			name = DevelopmentRelease;
		};
		3A940895255D9F3A0090DB55 /* DevelopmentDebug */ = {
			isa = XCBuildConfiguration;
			baseConfigurationReference = 3AFB17C625B1A4FC00C72BF7 /* Development.xcconfig */;
			buildSettings = {
				ASSETCATALOG_COMPILER_APPICON_NAME = AppIcon;
				ASSETCATALOG_COMPILER_GLOBAL_ACCENT_COLOR_NAME = AccentColor;
				CODE_SIGN_IDENTITY = "iPhone Developer";
				CODE_SIGN_STYLE = Manual;
				DEVELOPMENT_ASSET_PATHS = "\"MyEnglishDiary/Preview Content\"";
				DEVELOPMENT_TEAM = VK8DPF82BH;
				ENABLE_PREVIEWS = YES;
				INFOPLIST_FILE = MyEnglishDiary/Info.plist;
				IPHONEOS_DEPLOYMENT_TARGET = 14.0;
				LD_RUNPATH_SEARCH_PATHS = (
					"$(inherited)",
					"@executable_path/Frameworks",
				);
				PRODUCT_BUNDLE_IDENTIFIER = app.myenglishdiary.mobile.development;
				PRODUCT_NAME = "$(TARGET_NAME)";
				PROVISIONING_PROFILE_SPECIFIER = MyEnglishDiaryDevelopment;
				SWIFT_VERSION = 5.0;
				TARGETED_DEVICE_FAMILY = "1,2";
			};
			name = DevelopmentDebug;
		};
		3A940896255D9F3A0090DB55 /* DevelopmentRelease */ = {
			isa = XCBuildConfiguration;
			baseConfigurationReference = 3AFB17C625B1A4FC00C72BF7 /* Development.xcconfig */;
			buildSettings = {
				ASSETCATALOG_COMPILER_APPICON_NAME = AppIcon;
				ASSETCATALOG_COMPILER_GLOBAL_ACCENT_COLOR_NAME = AccentColor;
				CODE_SIGN_IDENTITY = "iPhone Developer";
				CODE_SIGN_STYLE = Manual;
				DEVELOPMENT_ASSET_PATHS = "\"MyEnglishDiary/Preview Content\"";
				DEVELOPMENT_TEAM = VK8DPF82BH;
				ENABLE_PREVIEWS = YES;
				INFOPLIST_FILE = MyEnglishDiary/Info.plist;
				IPHONEOS_DEPLOYMENT_TARGET = 14.0;
				LD_RUNPATH_SEARCH_PATHS = (
					"$(inherited)",
					"@executable_path/Frameworks",
				);
				PRODUCT_BUNDLE_IDENTIFIER = app.myenglishdiary.mobile.development;
				PRODUCT_NAME = "$(TARGET_NAME)";
				PROVISIONING_PROFILE_SPECIFIER = MyEnglishDiaryDevelopment;
				SWIFT_VERSION = 5.0;
				TARGETED_DEVICE_FAMILY = "1,2";
			};
			name = DevelopmentRelease;
		};
		3A940898255D9F3A0090DB55 /* DevelopmentDebug */ = {
			isa = XCBuildConfiguration;
			buildSettings = {
				ALWAYS_EMBED_SWIFT_STANDARD_LIBRARIES = YES;
				BUNDLE_LOADER = "$(TEST_HOST)";
				CODE_SIGN_STYLE = Automatic;
				DEVELOPMENT_TEAM = VK8DPF82BH;
				INFOPLIST_FILE = MyEnglishDiaryTests/Info.plist;
				IPHONEOS_DEPLOYMENT_TARGET = 14.0;
				LD_RUNPATH_SEARCH_PATHS = (
					"$(inherited)",
					"@executable_path/Frameworks",
					"@loader_path/Frameworks",
				);
				PRODUCT_BUNDLE_IDENTIFIER = "com.antonio-potato.MyEnglishDiaryTests";
				PRODUCT_NAME = "$(TARGET_NAME)";
				SWIFT_VERSION = 5.0;
				TARGETED_DEVICE_FAMILY = "1,2";
				TEST_HOST = "$(BUILT_PRODUCTS_DIR)/MyEnglishDiary.app/MyEnglishDiary";
			};
			name = DevelopmentDebug;
		};
		3A940899255D9F3A0090DB55 /* DevelopmentRelease */ = {
			isa = XCBuildConfiguration;
			buildSettings = {
				ALWAYS_EMBED_SWIFT_STANDARD_LIBRARIES = YES;
				BUNDLE_LOADER = "$(TEST_HOST)";
				CODE_SIGN_STYLE = Automatic;
				DEVELOPMENT_TEAM = VK8DPF82BH;
				INFOPLIST_FILE = MyEnglishDiaryTests/Info.plist;
				IPHONEOS_DEPLOYMENT_TARGET = 14.0;
				LD_RUNPATH_SEARCH_PATHS = (
					"$(inherited)",
					"@executable_path/Frameworks",
					"@loader_path/Frameworks",
				);
				PRODUCT_BUNDLE_IDENTIFIER = "com.antonio-potato.MyEnglishDiaryTests";
				PRODUCT_NAME = "$(TARGET_NAME)";
				SWIFT_VERSION = 5.0;
				TARGETED_DEVICE_FAMILY = "1,2";
				TEST_HOST = "$(BUILT_PRODUCTS_DIR)/MyEnglishDiary.app/MyEnglishDiary";
			};
			name = DevelopmentRelease;
		};
		3A94089B255D9F3A0090DB55 /* DevelopmentDebug */ = {
			isa = XCBuildConfiguration;
			buildSettings = {
				ALWAYS_EMBED_SWIFT_STANDARD_LIBRARIES = YES;
				CODE_SIGN_STYLE = Automatic;
				DEVELOPMENT_TEAM = VK8DPF82BH;
				INFOPLIST_FILE = MyEnglishDiaryUITests/Info.plist;
				LD_RUNPATH_SEARCH_PATHS = (
					"$(inherited)",
					"@executable_path/Frameworks",
					"@loader_path/Frameworks",
				);
				PRODUCT_BUNDLE_IDENTIFIER = "com.antonio-potato.MyEnglishDiaryUITests";
				PRODUCT_NAME = "$(TARGET_NAME)";
				SWIFT_VERSION = 5.0;
				TARGETED_DEVICE_FAMILY = "1,2";
				TEST_TARGET_NAME = MyEnglishDiary;
			};
			name = DevelopmentDebug;
		};
		3A94089C255D9F3A0090DB55 /* DevelopmentRelease */ = {
			isa = XCBuildConfiguration;
			buildSettings = {
				ALWAYS_EMBED_SWIFT_STANDARD_LIBRARIES = YES;
				CODE_SIGN_STYLE = Automatic;
				DEVELOPMENT_TEAM = VK8DPF82BH;
				INFOPLIST_FILE = MyEnglishDiaryUITests/Info.plist;
				LD_RUNPATH_SEARCH_PATHS = (
					"$(inherited)",
					"@executable_path/Frameworks",
					"@loader_path/Frameworks",
				);
				PRODUCT_BUNDLE_IDENTIFIER = "com.antonio-potato.MyEnglishDiaryUITests";
				PRODUCT_NAME = "$(TARGET_NAME)";
				SWIFT_VERSION = 5.0;
				TARGETED_DEVICE_FAMILY = "1,2";
				TEST_TARGET_NAME = MyEnglishDiary;
			};
			name = DevelopmentRelease;
		};
		3AFB17AF25B1A12F00C72BF7 /* StagingDebug */ = {
			isa = XCBuildConfiguration;
			buildSettings = {
				ALWAYS_SEARCH_USER_PATHS = NO;
				CLANG_ANALYZER_NONNULL = YES;
				CLANG_ANALYZER_NUMBER_OBJECT_CONVERSION = YES_AGGRESSIVE;
				CLANG_CXX_LANGUAGE_STANDARD = "gnu++14";
				CLANG_CXX_LIBRARY = "libc++";
				CLANG_ENABLE_MODULES = YES;
				CLANG_ENABLE_OBJC_ARC = YES;
				CLANG_ENABLE_OBJC_WEAK = YES;
				CLANG_WARN_BLOCK_CAPTURE_AUTORELEASING = YES;
				CLANG_WARN_BOOL_CONVERSION = YES;
				CLANG_WARN_COMMA = YES;
				CLANG_WARN_CONSTANT_CONVERSION = YES;
				CLANG_WARN_DEPRECATED_OBJC_IMPLEMENTATIONS = YES;
				CLANG_WARN_DIRECT_OBJC_ISA_USAGE = YES_ERROR;
				CLANG_WARN_DOCUMENTATION_COMMENTS = YES;
				CLANG_WARN_EMPTY_BODY = YES;
				CLANG_WARN_ENUM_CONVERSION = YES;
				CLANG_WARN_INFINITE_RECURSION = YES;
				CLANG_WARN_INT_CONVERSION = YES;
				CLANG_WARN_NON_LITERAL_NULL_CONVERSION = YES;
				CLANG_WARN_OBJC_IMPLICIT_RETAIN_SELF = YES;
				CLANG_WARN_OBJC_LITERAL_CONVERSION = YES;
				CLANG_WARN_OBJC_ROOT_CLASS = YES_ERROR;
				CLANG_WARN_QUOTED_INCLUDE_IN_FRAMEWORK_HEADER = YES;
				CLANG_WARN_RANGE_LOOP_ANALYSIS = YES;
				CLANG_WARN_STRICT_PROTOTYPES = YES;
				CLANG_WARN_SUSPICIOUS_MOVE = YES;
				CLANG_WARN_UNGUARDED_AVAILABILITY = YES_AGGRESSIVE;
				CLANG_WARN_UNREACHABLE_CODE = YES;
				CLANG_WARN__DUPLICATE_METHOD_MATCH = YES;
				COPY_PHASE_STRIP = NO;
				DEBUG_INFORMATION_FORMAT = dwarf;
				ENABLE_STRICT_OBJC_MSGSEND = YES;
				ENABLE_TESTABILITY = YES;
				GCC_C_LANGUAGE_STANDARD = gnu11;
				GCC_DYNAMIC_NO_PIC = NO;
				GCC_NO_COMMON_BLOCKS = YES;
				GCC_OPTIMIZATION_LEVEL = 0;
				GCC_PREPROCESSOR_DEFINITIONS = (
					"DEBUG=1",
					"$(inherited)",
				);
				GCC_WARN_64_TO_32_BIT_CONVERSION = YES;
				GCC_WARN_ABOUT_RETURN_TYPE = YES_ERROR;
				GCC_WARN_UNDECLARED_SELECTOR = YES;
				GCC_WARN_UNINITIALIZED_AUTOS = YES_AGGRESSIVE;
				GCC_WARN_UNUSED_FUNCTION = YES;
				GCC_WARN_UNUSED_VARIABLE = YES;
				IPHONEOS_DEPLOYMENT_TARGET = 13.0;
				MTL_ENABLE_DEBUG_INFO = INCLUDE_SOURCE;
				MTL_FAST_MATH = YES;
				ONLY_ACTIVE_ARCH = YES;
				SDKROOT = iphoneos;
				SWIFT_ACTIVE_COMPILATION_CONDITIONS = DEBUG;
				SWIFT_OPTIMIZATION_LEVEL = "-Onone";
			};
			name = StagingDebug;
		};
		3AFB17B025B1A12F00C72BF7 /* StagingDebug */ = {
			isa = XCBuildConfiguration;
			baseConfigurationReference = 3AFB17C725B1A53200C72BF7 /* Staging.xcconfig */;
			buildSettings = {
				ASSETCATALOG_COMPILER_APPICON_NAME = AppIcon;
				ASSETCATALOG_COMPILER_GLOBAL_ACCENT_COLOR_NAME = AccentColor;
				CODE_SIGN_IDENTITY = "iPhone Distribution";
				CODE_SIGN_STYLE = Manual;
				DEVELOPMENT_ASSET_PATHS = "\"MyEnglishDiary/Preview Content\"";
				DEVELOPMENT_TEAM = VK8DPF82BH;
				ENABLE_PREVIEWS = YES;
				INFOPLIST_FILE = MyEnglishDiary/Info.plist;
				IPHONEOS_DEPLOYMENT_TARGET = 14.0;
				LD_RUNPATH_SEARCH_PATHS = (
					"$(inherited)",
					"@executable_path/Frameworks",
				);
				PRODUCT_BUNDLE_IDENTIFIER = app.myenglishdiary.mobile.staging;
				PRODUCT_NAME = "$(TARGET_NAME)";
				PROVISIONING_PROFILE_SPECIFIER = MyEnglishDiaryStaging;
				SWIFT_VERSION = 5.0;
				TARGETED_DEVICE_FAMILY = "1,2";
			};
			name = StagingDebug;
		};
		3AFB17B125B1A12F00C72BF7 /* StagingDebug */ = {
			isa = XCBuildConfiguration;
			buildSettings = {
				ALWAYS_EMBED_SWIFT_STANDARD_LIBRARIES = YES;
				BUNDLE_LOADER = "$(TEST_HOST)";
				CODE_SIGN_STYLE = Automatic;
				DEVELOPMENT_TEAM = VK8DPF82BH;
				INFOPLIST_FILE = MyEnglishDiaryTests/Info.plist;
				IPHONEOS_DEPLOYMENT_TARGET = 14.0;
				LD_RUNPATH_SEARCH_PATHS = (
					"$(inherited)",
					"@executable_path/Frameworks",
					"@loader_path/Frameworks",
				);
				PRODUCT_BUNDLE_IDENTIFIER = "com.antonio-potato.MyEnglishDiaryTests";
				PRODUCT_NAME = "$(TARGET_NAME)";
				SWIFT_VERSION = 5.0;
				TARGETED_DEVICE_FAMILY = "1,2";
				TEST_HOST = "$(BUILT_PRODUCTS_DIR)/MyEnglishDiary.app/MyEnglishDiary";
			};
			name = StagingDebug;
		};
		3AFB17B225B1A12F00C72BF7 /* StagingDebug */ = {
			isa = XCBuildConfiguration;
			buildSettings = {
				ALWAYS_EMBED_SWIFT_STANDARD_LIBRARIES = YES;
				CODE_SIGN_STYLE = Automatic;
				DEVELOPMENT_TEAM = VK8DPF82BH;
				INFOPLIST_FILE = MyEnglishDiaryUITests/Info.plist;
				LD_RUNPATH_SEARCH_PATHS = (
					"$(inherited)",
					"@executable_path/Frameworks",
					"@loader_path/Frameworks",
				);
				PRODUCT_BUNDLE_IDENTIFIER = "com.antonio-potato.MyEnglishDiaryUITests";
				PRODUCT_NAME = "$(TARGET_NAME)";
				SWIFT_VERSION = 5.0;
				TARGETED_DEVICE_FAMILY = "1,2";
				TEST_TARGET_NAME = MyEnglishDiary;
			};
			name = StagingDebug;
		};
		3AFB17B325B1A13F00C72BF7 /* StagingRelease */ = {
			isa = XCBuildConfiguration;
			buildSettings = {
				ALWAYS_SEARCH_USER_PATHS = NO;
				CLANG_ANALYZER_NONNULL = YES;
				CLANG_ANALYZER_NUMBER_OBJECT_CONVERSION = YES_AGGRESSIVE;
				CLANG_CXX_LANGUAGE_STANDARD = "gnu++14";
				CLANG_CXX_LIBRARY = "libc++";
				CLANG_ENABLE_MODULES = YES;
				CLANG_ENABLE_OBJC_ARC = YES;
				CLANG_ENABLE_OBJC_WEAK = YES;
				CLANG_WARN_BLOCK_CAPTURE_AUTORELEASING = YES;
				CLANG_WARN_BOOL_CONVERSION = YES;
				CLANG_WARN_COMMA = YES;
				CLANG_WARN_CONSTANT_CONVERSION = YES;
				CLANG_WARN_DEPRECATED_OBJC_IMPLEMENTATIONS = YES;
				CLANG_WARN_DIRECT_OBJC_ISA_USAGE = YES_ERROR;
				CLANG_WARN_DOCUMENTATION_COMMENTS = YES;
				CLANG_WARN_EMPTY_BODY = YES;
				CLANG_WARN_ENUM_CONVERSION = YES;
				CLANG_WARN_INFINITE_RECURSION = YES;
				CLANG_WARN_INT_CONVERSION = YES;
				CLANG_WARN_NON_LITERAL_NULL_CONVERSION = YES;
				CLANG_WARN_OBJC_IMPLICIT_RETAIN_SELF = YES;
				CLANG_WARN_OBJC_LITERAL_CONVERSION = YES;
				CLANG_WARN_OBJC_ROOT_CLASS = YES_ERROR;
				CLANG_WARN_QUOTED_INCLUDE_IN_FRAMEWORK_HEADER = YES;
				CLANG_WARN_RANGE_LOOP_ANALYSIS = YES;
				CLANG_WARN_STRICT_PROTOTYPES = YES;
				CLANG_WARN_SUSPICIOUS_MOVE = YES;
				CLANG_WARN_UNGUARDED_AVAILABILITY = YES_AGGRESSIVE;
				CLANG_WARN_UNREACHABLE_CODE = YES;
				CLANG_WARN__DUPLICATE_METHOD_MATCH = YES;
				COPY_PHASE_STRIP = NO;
				DEBUG_INFORMATION_FORMAT = "dwarf-with-dsym";
				ENABLE_NS_ASSERTIONS = NO;
				ENABLE_STRICT_OBJC_MSGSEND = YES;
				GCC_C_LANGUAGE_STANDARD = gnu11;
				GCC_NO_COMMON_BLOCKS = YES;
				GCC_WARN_64_TO_32_BIT_CONVERSION = YES;
				GCC_WARN_ABOUT_RETURN_TYPE = YES_ERROR;
				GCC_WARN_UNDECLARED_SELECTOR = YES;
				GCC_WARN_UNINITIALIZED_AUTOS = YES_AGGRESSIVE;
				GCC_WARN_UNUSED_FUNCTION = YES;
				GCC_WARN_UNUSED_VARIABLE = YES;
				IPHONEOS_DEPLOYMENT_TARGET = 13.0;
				MTL_ENABLE_DEBUG_INFO = NO;
				MTL_FAST_MATH = YES;
				SDKROOT = iphoneos;
				SWIFT_COMPILATION_MODE = wholemodule;
				SWIFT_OPTIMIZATION_LEVEL = "-O";
				VALIDATE_PRODUCT = YES;
			};
			name = StagingRelease;
		};
		3AFB17B425B1A13F00C72BF7 /* StagingRelease */ = {
			isa = XCBuildConfiguration;
			baseConfigurationReference = 3AFB17C725B1A53200C72BF7 /* Staging.xcconfig */;
			buildSettings = {
				ASSETCATALOG_COMPILER_APPICON_NAME = AppIcon;
				ASSETCATALOG_COMPILER_GLOBAL_ACCENT_COLOR_NAME = AccentColor;
				CODE_SIGN_IDENTITY = "iPhone Distribution";
				CODE_SIGN_STYLE = Manual;
				DEVELOPMENT_ASSET_PATHS = "\"MyEnglishDiary/Preview Content\"";
				DEVELOPMENT_TEAM = VK8DPF82BH;
				ENABLE_PREVIEWS = YES;
				INFOPLIST_FILE = MyEnglishDiary/Info.plist;
				IPHONEOS_DEPLOYMENT_TARGET = 14.0;
				LD_RUNPATH_SEARCH_PATHS = (
					"$(inherited)",
					"@executable_path/Frameworks",
				);
				PRODUCT_BUNDLE_IDENTIFIER = app.myenglishdiary.mobile.staging;
				PRODUCT_NAME = "$(TARGET_NAME)";
				PROVISIONING_PROFILE_SPECIFIER = MyEnglishDiaryStaging;
				SWIFT_VERSION = 5.0;
				TARGETED_DEVICE_FAMILY = "1,2";
			};
			name = StagingRelease;
		};
		3AFB17B525B1A13F00C72BF7 /* StagingRelease */ = {
			isa = XCBuildConfiguration;
			buildSettings = {
				ALWAYS_EMBED_SWIFT_STANDARD_LIBRARIES = YES;
				BUNDLE_LOADER = "$(TEST_HOST)";
				CODE_SIGN_STYLE = Automatic;
				DEVELOPMENT_TEAM = VK8DPF82BH;
				INFOPLIST_FILE = MyEnglishDiaryTests/Info.plist;
				IPHONEOS_DEPLOYMENT_TARGET = 14.0;
				LD_RUNPATH_SEARCH_PATHS = (
					"$(inherited)",
					"@executable_path/Frameworks",
					"@loader_path/Frameworks",
				);
				PRODUCT_BUNDLE_IDENTIFIER = "com.antonio-potato.MyEnglishDiaryTests";
				PRODUCT_NAME = "$(TARGET_NAME)";
				SWIFT_VERSION = 5.0;
				TARGETED_DEVICE_FAMILY = "1,2";
				TEST_HOST = "$(BUILT_PRODUCTS_DIR)/MyEnglishDiary.app/MyEnglishDiary";
			};
			name = StagingRelease;
		};
		3AFB17B625B1A13F00C72BF7 /* StagingRelease */ = {
			isa = XCBuildConfiguration;
			buildSettings = {
				ALWAYS_EMBED_SWIFT_STANDARD_LIBRARIES = YES;
				CODE_SIGN_STYLE = Automatic;
				DEVELOPMENT_TEAM = VK8DPF82BH;
				INFOPLIST_FILE = MyEnglishDiaryUITests/Info.plist;
				LD_RUNPATH_SEARCH_PATHS = (
					"$(inherited)",
					"@executable_path/Frameworks",
					"@loader_path/Frameworks",
				);
				PRODUCT_BUNDLE_IDENTIFIER = "com.antonio-potato.MyEnglishDiaryUITests";
				PRODUCT_NAME = "$(TARGET_NAME)";
				SWIFT_VERSION = 5.0;
				TARGETED_DEVICE_FAMILY = "1,2";
				TEST_TARGET_NAME = MyEnglishDiary;
			};
			name = StagingRelease;
		};
		3AFB17B725B1A14E00C72BF7 /* ProductionDebug */ = {
			isa = XCBuildConfiguration;
			buildSettings = {
				ALWAYS_SEARCH_USER_PATHS = NO;
				CLANG_ANALYZER_NONNULL = YES;
				CLANG_ANALYZER_NUMBER_OBJECT_CONVERSION = YES_AGGRESSIVE;
				CLANG_CXX_LANGUAGE_STANDARD = "gnu++14";
				CLANG_CXX_LIBRARY = "libc++";
				CLANG_ENABLE_MODULES = YES;
				CLANG_ENABLE_OBJC_ARC = YES;
				CLANG_ENABLE_OBJC_WEAK = YES;
				CLANG_WARN_BLOCK_CAPTURE_AUTORELEASING = YES;
				CLANG_WARN_BOOL_CONVERSION = YES;
				CLANG_WARN_COMMA = YES;
				CLANG_WARN_CONSTANT_CONVERSION = YES;
				CLANG_WARN_DEPRECATED_OBJC_IMPLEMENTATIONS = YES;
				CLANG_WARN_DIRECT_OBJC_ISA_USAGE = YES_ERROR;
				CLANG_WARN_DOCUMENTATION_COMMENTS = YES;
				CLANG_WARN_EMPTY_BODY = YES;
				CLANG_WARN_ENUM_CONVERSION = YES;
				CLANG_WARN_INFINITE_RECURSION = YES;
				CLANG_WARN_INT_CONVERSION = YES;
				CLANG_WARN_NON_LITERAL_NULL_CONVERSION = YES;
				CLANG_WARN_OBJC_IMPLICIT_RETAIN_SELF = YES;
				CLANG_WARN_OBJC_LITERAL_CONVERSION = YES;
				CLANG_WARN_OBJC_ROOT_CLASS = YES_ERROR;
				CLANG_WARN_QUOTED_INCLUDE_IN_FRAMEWORK_HEADER = YES;
				CLANG_WARN_RANGE_LOOP_ANALYSIS = YES;
				CLANG_WARN_STRICT_PROTOTYPES = YES;
				CLANG_WARN_SUSPICIOUS_MOVE = YES;
				CLANG_WARN_UNGUARDED_AVAILABILITY = YES_AGGRESSIVE;
				CLANG_WARN_UNREACHABLE_CODE = YES;
				CLANG_WARN__DUPLICATE_METHOD_MATCH = YES;
				COPY_PHASE_STRIP = NO;
				DEBUG_INFORMATION_FORMAT = dwarf;
				ENABLE_STRICT_OBJC_MSGSEND = YES;
				ENABLE_TESTABILITY = YES;
				GCC_C_LANGUAGE_STANDARD = gnu11;
				GCC_DYNAMIC_NO_PIC = NO;
				GCC_NO_COMMON_BLOCKS = YES;
				GCC_OPTIMIZATION_LEVEL = 0;
				GCC_PREPROCESSOR_DEFINITIONS = (
					"DEBUG=1",
					"$(inherited)",
				);
				GCC_WARN_64_TO_32_BIT_CONVERSION = YES;
				GCC_WARN_ABOUT_RETURN_TYPE = YES_ERROR;
				GCC_WARN_UNDECLARED_SELECTOR = YES;
				GCC_WARN_UNINITIALIZED_AUTOS = YES_AGGRESSIVE;
				GCC_WARN_UNUSED_FUNCTION = YES;
				GCC_WARN_UNUSED_VARIABLE = YES;
				IPHONEOS_DEPLOYMENT_TARGET = 13.0;
				MTL_ENABLE_DEBUG_INFO = INCLUDE_SOURCE;
				MTL_FAST_MATH = YES;
				ONLY_ACTIVE_ARCH = YES;
				SDKROOT = iphoneos;
				SWIFT_ACTIVE_COMPILATION_CONDITIONS = DEBUG;
				SWIFT_OPTIMIZATION_LEVEL = "-Onone";
			};
			name = ProductionDebug;
		};
		3AFB17B825B1A14E00C72BF7 /* ProductionDebug */ = {
			isa = XCBuildConfiguration;
			baseConfigurationReference = 3AFB17C825B1A54300C72BF7 /* Production.xcconfig */;
			buildSettings = {
				ASSETCATALOG_COMPILER_APPICON_NAME = AppIcon;
				ASSETCATALOG_COMPILER_GLOBAL_ACCENT_COLOR_NAME = AccentColor;
				CODE_SIGN_IDENTITY = "iPhone Distribution";
				CODE_SIGN_STYLE = Manual;
				DEVELOPMENT_ASSET_PATHS = "\"MyEnglishDiary/Preview Content\"";
				DEVELOPMENT_TEAM = VK8DPF82BH;
				ENABLE_PREVIEWS = YES;
				INFOPLIST_FILE = MyEnglishDiary/Info.plist;
				IPHONEOS_DEPLOYMENT_TARGET = 14.0;
				LD_RUNPATH_SEARCH_PATHS = (
					"$(inherited)",
					"@executable_path/Frameworks",
				);
				PRODUCT_BUNDLE_IDENTIFIER = app.myenglishdiary.mobile;
				PRODUCT_NAME = "$(TARGET_NAME)";
				PROVISIONING_PROFILE_SPECIFIER = MyEnglishDiary;
				SWIFT_VERSION = 5.0;
				TARGETED_DEVICE_FAMILY = "1,2";
			};
			name = ProductionDebug;
		};
		3AFB17B925B1A14E00C72BF7 /* ProductionDebug */ = {
			isa = XCBuildConfiguration;
			buildSettings = {
				ALWAYS_EMBED_SWIFT_STANDARD_LIBRARIES = YES;
				BUNDLE_LOADER = "$(TEST_HOST)";
				CODE_SIGN_STYLE = Automatic;
				DEVELOPMENT_TEAM = VK8DPF82BH;
				INFOPLIST_FILE = MyEnglishDiaryTests/Info.plist;
				IPHONEOS_DEPLOYMENT_TARGET = 14.0;
				LD_RUNPATH_SEARCH_PATHS = (
					"$(inherited)",
					"@executable_path/Frameworks",
					"@loader_path/Frameworks",
				);
				PRODUCT_BUNDLE_IDENTIFIER = "com.antonio-potato.MyEnglishDiaryTests";
				PRODUCT_NAME = "$(TARGET_NAME)";
				SWIFT_VERSION = 5.0;
				TARGETED_DEVICE_FAMILY = "1,2";
				TEST_HOST = "$(BUILT_PRODUCTS_DIR)/MyEnglishDiary.app/MyEnglishDiary";
			};
			name = ProductionDebug;
		};
		3AFB17BA25B1A14E00C72BF7 /* ProductionDebug */ = {
			isa = XCBuildConfiguration;
			buildSettings = {
				ALWAYS_EMBED_SWIFT_STANDARD_LIBRARIES = YES;
				CODE_SIGN_STYLE = Automatic;
				DEVELOPMENT_TEAM = VK8DPF82BH;
				INFOPLIST_FILE = MyEnglishDiaryUITests/Info.plist;
				LD_RUNPATH_SEARCH_PATHS = (
					"$(inherited)",
					"@executable_path/Frameworks",
					"@loader_path/Frameworks",
				);
				PRODUCT_BUNDLE_IDENTIFIER = "com.antonio-potato.MyEnglishDiaryUITests";
				PRODUCT_NAME = "$(TARGET_NAME)";
				SWIFT_VERSION = 5.0;
				TARGETED_DEVICE_FAMILY = "1,2";
				TEST_TARGET_NAME = MyEnglishDiary;
			};
			name = ProductionDebug;
		};
		3AFB17BB25B1A15E00C72BF7 /* ProductionRelease */ = {
			isa = XCBuildConfiguration;
			buildSettings = {
				ALWAYS_SEARCH_USER_PATHS = NO;
				CLANG_ANALYZER_NONNULL = YES;
				CLANG_ANALYZER_NUMBER_OBJECT_CONVERSION = YES_AGGRESSIVE;
				CLANG_CXX_LANGUAGE_STANDARD = "gnu++14";
				CLANG_CXX_LIBRARY = "libc++";
				CLANG_ENABLE_MODULES = YES;
				CLANG_ENABLE_OBJC_ARC = YES;
				CLANG_ENABLE_OBJC_WEAK = YES;
				CLANG_WARN_BLOCK_CAPTURE_AUTORELEASING = YES;
				CLANG_WARN_BOOL_CONVERSION = YES;
				CLANG_WARN_COMMA = YES;
				CLANG_WARN_CONSTANT_CONVERSION = YES;
				CLANG_WARN_DEPRECATED_OBJC_IMPLEMENTATIONS = YES;
				CLANG_WARN_DIRECT_OBJC_ISA_USAGE = YES_ERROR;
				CLANG_WARN_DOCUMENTATION_COMMENTS = YES;
				CLANG_WARN_EMPTY_BODY = YES;
				CLANG_WARN_ENUM_CONVERSION = YES;
				CLANG_WARN_INFINITE_RECURSION = YES;
				CLANG_WARN_INT_CONVERSION = YES;
				CLANG_WARN_NON_LITERAL_NULL_CONVERSION = YES;
				CLANG_WARN_OBJC_IMPLICIT_RETAIN_SELF = YES;
				CLANG_WARN_OBJC_LITERAL_CONVERSION = YES;
				CLANG_WARN_OBJC_ROOT_CLASS = YES_ERROR;
				CLANG_WARN_QUOTED_INCLUDE_IN_FRAMEWORK_HEADER = YES;
				CLANG_WARN_RANGE_LOOP_ANALYSIS = YES;
				CLANG_WARN_STRICT_PROTOTYPES = YES;
				CLANG_WARN_SUSPICIOUS_MOVE = YES;
				CLANG_WARN_UNGUARDED_AVAILABILITY = YES_AGGRESSIVE;
				CLANG_WARN_UNREACHABLE_CODE = YES;
				CLANG_WARN__DUPLICATE_METHOD_MATCH = YES;
				COPY_PHASE_STRIP = NO;
				DEBUG_INFORMATION_FORMAT = "dwarf-with-dsym";
				ENABLE_NS_ASSERTIONS = NO;
				ENABLE_STRICT_OBJC_MSGSEND = YES;
				GCC_C_LANGUAGE_STANDARD = gnu11;
				GCC_NO_COMMON_BLOCKS = YES;
				GCC_WARN_64_TO_32_BIT_CONVERSION = YES;
				GCC_WARN_ABOUT_RETURN_TYPE = YES_ERROR;
				GCC_WARN_UNDECLARED_SELECTOR = YES;
				GCC_WARN_UNINITIALIZED_AUTOS = YES_AGGRESSIVE;
				GCC_WARN_UNUSED_FUNCTION = YES;
				GCC_WARN_UNUSED_VARIABLE = YES;
				IPHONEOS_DEPLOYMENT_TARGET = 13.0;
				MTL_ENABLE_DEBUG_INFO = NO;
				MTL_FAST_MATH = YES;
				SDKROOT = iphoneos;
				SWIFT_COMPILATION_MODE = wholemodule;
				SWIFT_OPTIMIZATION_LEVEL = "-O";
				VALIDATE_PRODUCT = YES;
			};
			name = ProductionRelease;
		};
		3AFB17BC25B1A15E00C72BF7 /* ProductionRelease */ = {
			isa = XCBuildConfiguration;
			baseConfigurationReference = 3AFB17C825B1A54300C72BF7 /* Production.xcconfig */;
			buildSettings = {
				ASSETCATALOG_COMPILER_APPICON_NAME = AppIcon;
				ASSETCATALOG_COMPILER_GLOBAL_ACCENT_COLOR_NAME = AccentColor;
				CODE_SIGN_IDENTITY = "iPhone Distribution";
				CODE_SIGN_STYLE = Manual;
				DEVELOPMENT_ASSET_PATHS = "\"MyEnglishDiary/Preview Content\"";
				DEVELOPMENT_TEAM = VK8DPF82BH;
				ENABLE_PREVIEWS = YES;
				INFOPLIST_FILE = MyEnglishDiary/Info.plist;
				IPHONEOS_DEPLOYMENT_TARGET = 14.0;
				LD_RUNPATH_SEARCH_PATHS = (
					"$(inherited)",
					"@executable_path/Frameworks",
				);
				PRODUCT_BUNDLE_IDENTIFIER = app.myenglishdiary.mobile;
				PRODUCT_NAME = "$(TARGET_NAME)";
				PROVISIONING_PROFILE_SPECIFIER = MyEnglishDiary;
				SWIFT_VERSION = 5.0;
				TARGETED_DEVICE_FAMILY = "1,2";
			};
			name = ProductionRelease;
		};
		3AFB17BD25B1A15E00C72BF7 /* ProductionRelease */ = {
			isa = XCBuildConfiguration;
			buildSettings = {
				ALWAYS_EMBED_SWIFT_STANDARD_LIBRARIES = YES;
				BUNDLE_LOADER = "$(TEST_HOST)";
				CODE_SIGN_STYLE = Automatic;
				DEVELOPMENT_TEAM = VK8DPF82BH;
				INFOPLIST_FILE = MyEnglishDiaryTests/Info.plist;
				IPHONEOS_DEPLOYMENT_TARGET = 14.0;
				LD_RUNPATH_SEARCH_PATHS = (
					"$(inherited)",
					"@executable_path/Frameworks",
					"@loader_path/Frameworks",
				);
				PRODUCT_BUNDLE_IDENTIFIER = "com.antonio-potato.MyEnglishDiaryTests";
				PRODUCT_NAME = "$(TARGET_NAME)";
				SWIFT_VERSION = 5.0;
				TARGETED_DEVICE_FAMILY = "1,2";
				TEST_HOST = "$(BUILT_PRODUCTS_DIR)/MyEnglishDiary.app/MyEnglishDiary";
			};
			name = ProductionRelease;
		};
		3AFB17BE25B1A15E00C72BF7 /* ProductionRelease */ = {
			isa = XCBuildConfiguration;
			buildSettings = {
				ALWAYS_EMBED_SWIFT_STANDARD_LIBRARIES = YES;
				CODE_SIGN_STYLE = Automatic;
				DEVELOPMENT_TEAM = VK8DPF82BH;
				INFOPLIST_FILE = MyEnglishDiaryUITests/Info.plist;
				LD_RUNPATH_SEARCH_PATHS = (
					"$(inherited)",
					"@executable_path/Frameworks",
					"@loader_path/Frameworks",
				);
				PRODUCT_BUNDLE_IDENTIFIER = "com.antonio-potato.MyEnglishDiaryUITests";
				PRODUCT_NAME = "$(TARGET_NAME)";
				SWIFT_VERSION = 5.0;
				TARGETED_DEVICE_FAMILY = "1,2";
				TEST_TARGET_NAME = MyEnglishDiary;
			};
			name = ProductionRelease;
		};
/* End XCBuildConfiguration section */

/* Begin XCConfigurationList section */
		3A94086A255D9F390090DB55 /* Build configuration list for PBXProject "MyEnglishDiary" */ = {
			isa = XCConfigurationList;
			buildConfigurations = (
				3A940892255D9F3A0090DB55 /* DevelopmentDebug */,
				3AFB17AF25B1A12F00C72BF7 /* StagingDebug */,
				3AFB17B725B1A14E00C72BF7 /* ProductionDebug */,
				3A940893255D9F3A0090DB55 /* DevelopmentRelease */,
				3AFB17B325B1A13F00C72BF7 /* StagingRelease */,
				3AFB17BB25B1A15E00C72BF7 /* ProductionRelease */,
			);
			defaultConfigurationIsVisible = 0;
			defaultConfigurationName = ProductionRelease;
		};
		3A940894255D9F3A0090DB55 /* Build configuration list for PBXNativeTarget "MyEnglishDiary" */ = {
			isa = XCConfigurationList;
			buildConfigurations = (
				3A940895255D9F3A0090DB55 /* DevelopmentDebug */,
				3AFB17B025B1A12F00C72BF7 /* StagingDebug */,
				3AFB17B825B1A14E00C72BF7 /* ProductionDebug */,
				3A940896255D9F3A0090DB55 /* DevelopmentRelease */,
				3AFB17B425B1A13F00C72BF7 /* StagingRelease */,
				3AFB17BC25B1A15E00C72BF7 /* ProductionRelease */,
			);
			defaultConfigurationIsVisible = 0;
			defaultConfigurationName = ProductionRelease;
		};
		3A940897255D9F3A0090DB55 /* Build configuration list for PBXNativeTarget "MyEnglishDiaryTests" */ = {
			isa = XCConfigurationList;
			buildConfigurations = (
				3A940898255D9F3A0090DB55 /* DevelopmentDebug */,
				3AFB17B125B1A12F00C72BF7 /* StagingDebug */,
				3AFB17B925B1A14E00C72BF7 /* ProductionDebug */,
				3A940899255D9F3A0090DB55 /* DevelopmentRelease */,
				3AFB17B525B1A13F00C72BF7 /* StagingRelease */,
				3AFB17BD25B1A15E00C72BF7 /* ProductionRelease */,
			);
			defaultConfigurationIsVisible = 0;
			defaultConfigurationName = ProductionRelease;
		};
		3A94089A255D9F3A0090DB55 /* Build configuration list for PBXNativeTarget "MyEnglishDiaryUITests" */ = {
			isa = XCConfigurationList;
			buildConfigurations = (
				3A94089B255D9F3A0090DB55 /* DevelopmentDebug */,
				3AFB17B225B1A12F00C72BF7 /* StagingDebug */,
				3AFB17BA25B1A14E00C72BF7 /* ProductionDebug */,
				3A94089C255D9F3A0090DB55 /* DevelopmentRelease */,
				3AFB17B625B1A13F00C72BF7 /* StagingRelease */,
				3AFB17BE25B1A15E00C72BF7 /* ProductionRelease */,
			);
			defaultConfigurationIsVisible = 0;
			defaultConfigurationName = ProductionRelease;
		};
/* End XCConfigurationList section */

/* Begin XCRemoteSwiftPackageReference section */
		3AD8C2D0276E02780076EEF9 /* XCRemoteSwiftPackageReference "sentry-cocoa" */ = {
			isa = XCRemoteSwiftPackageReference;
			repositoryURL = "https://github.com/getsentry/sentry-cocoa.git";
			requirement = {
				kind = upToNextMinorVersion;
				minimumVersion = 7.7.0;
			};
		};
/* End XCRemoteSwiftPackageReference section */

/* Begin XCSwiftPackageProductDependency section */
		3AD8C2D1276E02780076EEF9 /* Sentry */ = {
			isa = XCSwiftPackageProductDependency;
			package = 3AD8C2D0276E02780076EEF9 /* XCRemoteSwiftPackageReference "sentry-cocoa" */;
			productName = Sentry;
		};
/* End XCSwiftPackageProductDependency section */
	};
	rootObject = 3A940867255D9F390090DB55 /* Project object */;
}
